
Microsoft Visual Studio Solution File, Format Version 12.00
# Visual Studio Version 16
VisualStudioVersion = 16.0.31005.135
MinimumVisualStudioVersion = 10.0.40219.1
Project("{8BC9CEB8-8B4A-11D0-8D11-00A0C91BC942}") = "ConsoleApplication2", "ConsoleApplication2\ConsoleApplication2.vcxproj", "{975F31C7-E18C-401A-9F60-482D9D1C74BA}"
EndProject
Project("{8BC9CEB8-8B4A-11D0-8D11-00A0C91BC942}") = "달팽이", "달팽이\달팽이.vcxproj", "{35660BCA-2AB4-41EA-A837-360D73F506ED}"
EndProject
Project("{8BC9CEB8-8B4A-11D0-8D11-00A0C91BC942}") = "도서관", "도서관\도서관.vcxproj", "{50CCF758-E423-4C95-AA7A-D2A9BE431164}"
EndProject
Project("{8BC9CEB8-8B4A-11D0-8D11-00A0C91BC942}") = "뒤집기3", "뒤집기3\뒤집기3.vcxproj", "{59D92E21-E2AC-438F-945C-AD5467F962AD}"
EndProject
Project("{8BC9CEB8-8B4A-11D0-8D11-00A0C91BC942}") = "휴게소세우기", "휴게소세우기\휴게소세우기.vcxproj", "{5500CF1A-FF11-49C3-9217-197DC375C2D8}"
EndProject
Project("{8BC9CEB8-8B4A-11D0-8D11-00A0C91BC942}") = "말이 되고픈 원숭이", "말이 되고픈 원숭이\말이 되고픈 원숭이.vcxproj", "{6D3EE711-AC2E-4AAD-9400-72CB78E1B6FE}"
EndProject
Project("{8BC9CEB8-8B4A-11D0-8D11-00A0C91BC942}") = "추월", "추월\추월.vcxproj", "{89A9CACF-37B9-4722-BD4A-BEF190D89B3A}"
EndProject
Project("{8BC9CEB8-8B4A-11D0-8D11-00A0C91BC942}") = "킹", "킹\킹.vcxproj", "{A5BF1114-86C9-4089-8DCB-4216F40B60D2}"
EndProject
Project("{8BC9CEB8-8B4A-11D0-8D11-00A0C91BC942}") = "N번째큰수", "N번째큰수\N번째큰수.vcxproj", "{32CE35FF-DB0E-456D-AE1A-AF8649600237}"
EndProject
Project("{8BC9CEB8-8B4A-11D0-8D11-00A0C91BC942}") = "플로이드", "플로이드\플로이드.vcxproj", "{BD48C928-8030-4A11-97DC-8D1C5EDF54F3}"
EndProject
Project("{8BC9CEB8-8B4A-11D0-8D11-00A0C91BC942}") = "피보나치", "피보나치\피보나치.vcxproj", "{C583DCB3-3BBD-482D-9C71-79BEA18F0B64}"
EndProject
Project("{8BC9CEB8-8B4A-11D0-8D11-00A0C91BC942}") = "파이프 옮기기 1", "파이프 옮기기 1\파이프 옮기기 1.vcxproj", "{384DC89A-D4E1-4D8B-BA63-241FF65B3CC7}"
EndProject
Project("{8BC9CEB8-8B4A-11D0-8D11-00A0C91BC942}") = "문자열 폭발", "문자열 폭발\문자열 폭발.vcxproj", "{5E6F0426-DC3A-430E-82E1-F28345EAABC0}"
EndProject
Project("{8BC9CEB8-8B4A-11D0-8D11-00A0C91BC942}") = "앱", "앱\앱.vcxproj", "{2FF722A3-7CDE-4720-AB58-E9688CB23967}"
EndProject
Project("{8BC9CEB8-8B4A-11D0-8D11-00A0C91BC942}") = "ACM Craft", "ACM Craft\ACM Craft.vcxproj", "{E2306210-0F51-4B98-8660-BCAE139105FA}"
EndProject
Project("{8BC9CEB8-8B4A-11D0-8D11-00A0C91BC942}") = "벡터 매칭", "벡터 매칭\벡터 매칭.vcxproj", "{92AA7355-96E0-4E7C-B20F-26535EE8C0A2}"
EndProject
Project("{8BC9CEB8-8B4A-11D0-8D11-00A0C91BC942}") = "팰린드롬 분할", "팰린드롬 분할\팰린드롬 분할.vcxproj", "{A39EE6A2-F963-4660-84C4-8564DD7415E7}"
EndProject
Project("{8BC9CEB8-8B4A-11D0-8D11-00A0C91BC942}") = "부분수열의 합2", "부분수열의 합2\부분수열의 합2.vcxproj", "{CA324AE1-F788-4E04-AC0E-E987FA5E1559}"
EndProject
Project("{8BC9CEB8-8B4A-11D0-8D11-00A0C91BC942}") = "계단 수", "계단 수\계단 수.vcxproj", "{4095E68E-CC69-432B-9DE3-5F9410C8816A}"
EndProject
Project("{8BC9CEB8-8B4A-11D0-8D11-00A0C91BC942}") = "문제집", "문제집\문제집.vcxproj", "{41B809C8-5D4A-4FCE-85A9-B81666420A2C}"
EndProject
Global
	GlobalSection(SolutionConfigurationPlatforms) = preSolution
		Debug|x64 = Debug|x64
		Debug|x86 = Debug|x86
		Release|x64 = Release|x64
		Release|x86 = Release|x86
	EndGlobalSection
	GlobalSection(ProjectConfigurationPlatforms) = postSolution
		{975F31C7-E18C-401A-9F60-482D9D1C74BA}.Debug|x64.ActiveCfg = Debug|x64
		{975F31C7-E18C-401A-9F60-482D9D1C74BA}.Debug|x64.Build.0 = Debug|x64
		{975F31C7-E18C-401A-9F60-482D9D1C74BA}.Debug|x86.ActiveCfg = Debug|Win32
		{975F31C7-E18C-401A-9F60-482D9D1C74BA}.Debug|x86.Build.0 = Debug|Win32
		{975F31C7-E18C-401A-9F60-482D9D1C74BA}.Release|x64.ActiveCfg = Release|x64
		{975F31C7-E18C-401A-9F60-482D9D1C74BA}.Release|x64.Build.0 = Release|x64
		{975F31C7-E18C-401A-9F60-482D9D1C74BA}.Release|x86.ActiveCfg = Release|Win32
		{975F31C7-E18C-401A-9F60-482D9D1C74BA}.Release|x86.Build.0 = Release|Win32
		{35660BCA-2AB4-41EA-A837-360D73F506ED}.Debug|x64.ActiveCfg = Debug|x64
		{35660BCA-2AB4-41EA-A837-360D73F506ED}.Debug|x64.Build.0 = Debug|x64
		{35660BCA-2AB4-41EA-A837-360D73F506ED}.Debug|x86.ActiveCfg = Debug|Win32
		{35660BCA-2AB4-41EA-A837-360D73F506ED}.Debug|x86.Build.0 = Debug|Win32
		{35660BCA-2AB4-41EA-A837-360D73F506ED}.Release|x64.ActiveCfg = Release|x64
		{35660BCA-2AB4-41EA-A837-360D73F506ED}.Release|x64.Build.0 = Release|x64
		{35660BCA-2AB4-41EA-A837-360D73F506ED}.Release|x86.ActiveCfg = Release|Win32
		{35660BCA-2AB4-41EA-A837-360D73F506ED}.Release|x86.Build.0 = Release|Win32
		{50CCF758-E423-4C95-AA7A-D2A9BE431164}.Debug|x64.ActiveCfg = Debug|x64
		{50CCF758-E423-4C95-AA7A-D2A9BE431164}.Debug|x64.Build.0 = Debug|x64
		{50CCF758-E423-4C95-AA7A-D2A9BE431164}.Debug|x86.ActiveCfg = Debug|Win32
		{50CCF758-E423-4C95-AA7A-D2A9BE431164}.Debug|x86.Build.0 = Debug|Win32
		{50CCF758-E423-4C95-AA7A-D2A9BE431164}.Release|x64.ActiveCfg = Release|x64
		{50CCF758-E423-4C95-AA7A-D2A9BE431164}.Release|x64.Build.0 = Release|x64
		{50CCF758-E423-4C95-AA7A-D2A9BE431164}.Release|x86.ActiveCfg = Release|Win32
		{50CCF758-E423-4C95-AA7A-D2A9BE431164}.Release|x86.Build.0 = Release|Win32
		{59D92E21-E2AC-438F-945C-AD5467F962AD}.Debug|x64.ActiveCfg = Debug|x64
		{59D92E21-E2AC-438F-945C-AD5467F962AD}.Debug|x64.Build.0 = Debug|x64
		{59D92E21-E2AC-438F-945C-AD5467F962AD}.Debug|x86.ActiveCfg = Debug|Win32
		{59D92E21-E2AC-438F-945C-AD5467F962AD}.Debug|x86.Build.0 = Debug|Win32
		{59D92E21-E2AC-438F-945C-AD5467F962AD}.Release|x64.ActiveCfg = Release|x64
		{59D92E21-E2AC-438F-945C-AD5467F962AD}.Release|x64.Build.0 = Release|x64
		{59D92E21-E2AC-438F-945C-AD5467F962AD}.Release|x86.ActiveCfg = Release|Win32
		{59D92E21-E2AC-438F-945C-AD5467F962AD}.Release|x86.Build.0 = Release|Win32
		{5500CF1A-FF11-49C3-9217-197DC375C2D8}.Debug|x64.ActiveCfg = Debug|x64
		{5500CF1A-FF11-49C3-9217-197DC375C2D8}.Debug|x64.Build.0 = Debug|x64
		{5500CF1A-FF11-49C3-9217-197DC375C2D8}.Debug|x86.ActiveCfg = Debug|Win32
		{5500CF1A-FF11-49C3-9217-197DC375C2D8}.Debug|x86.Build.0 = Debug|Win32
		{5500CF1A-FF11-49C3-9217-197DC375C2D8}.Release|x64.ActiveCfg = Release|x64
		{5500CF1A-FF11-49C3-9217-197DC375C2D8}.Release|x64.Build.0 = Release|x64
		{5500CF1A-FF11-49C3-9217-197DC375C2D8}.Release|x86.ActiveCfg = Release|Win32
		{5500CF1A-FF11-49C3-9217-197DC375C2D8}.Release|x86.Build.0 = Release|Win32
		{6D3EE711-AC2E-4AAD-9400-72CB78E1B6FE}.Debug|x64.ActiveCfg = Debug|x64
		{6D3EE711-AC2E-4AAD-9400-72CB78E1B6FE}.Debug|x64.Build.0 = Debug|x64
		{6D3EE711-AC2E-4AAD-9400-72CB78E1B6FE}.Debug|x86.ActiveCfg = Debug|Win32
		{6D3EE711-AC2E-4AAD-9400-72CB78E1B6FE}.Debug|x86.Build.0 = Debug|Win32
		{6D3EE711-AC2E-4AAD-9400-72CB78E1B6FE}.Release|x64.ActiveCfg = Release|x64
		{6D3EE711-AC2E-4AAD-9400-72CB78E1B6FE}.Release|x64.Build.0 = Release|x64
		{6D3EE711-AC2E-4AAD-9400-72CB78E1B6FE}.Release|x86.ActiveCfg = Release|Win32
		{6D3EE711-AC2E-4AAD-9400-72CB78E1B6FE}.Release|x86.Build.0 = Release|Win32
		{89A9CACF-37B9-4722-BD4A-BEF190D89B3A}.Debug|x64.ActiveCfg = Debug|x64
		{89A9CACF-37B9-4722-BD4A-BEF190D89B3A}.Debug|x64.Build.0 = Debug|x64
		{89A9CACF-37B9-4722-BD4A-BEF190D89B3A}.Debug|x86.ActiveCfg = Debug|Win32
		{89A9CACF-37B9-4722-BD4A-BEF190D89B3A}.Debug|x86.Build.0 = Debug|Win32
		{89A9CACF-37B9-4722-BD4A-BEF190D89B3A}.Release|x64.ActiveCfg = Release|x64
		{89A9CACF-37B9-4722-BD4A-BEF190D89B3A}.Release|x64.Build.0 = Release|x64
		{89A9CACF-37B9-4722-BD4A-BEF190D89B3A}.Release|x86.ActiveCfg = Release|Win32
		{89A9CACF-37B9-4722-BD4A-BEF190D89B3A}.Release|x86.Build.0 = Release|Win32
		{A5BF1114-86C9-4089-8DCB-4216F40B60D2}.Debug|x64.ActiveCfg = Debug|x64
		{A5BF1114-86C9-4089-8DCB-4216F40B60D2}.Debug|x64.Build.0 = Debug|x64
		{A5BF1114-86C9-4089-8DCB-4216F40B60D2}.Debug|x86.ActiveCfg = Debug|Win32
		{A5BF1114-86C9-4089-8DCB-4216F40B60D2}.Debug|x86.Build.0 = Debug|Win32
		{A5BF1114-86C9-4089-8DCB-4216F40B60D2}.Release|x64.ActiveCfg = Release|x64
		{A5BF1114-86C9-4089-8DCB-4216F40B60D2}.Release|x64.Build.0 = Release|x64
		{A5BF1114-86C9-4089-8DCB-4216F40B60D2}.Release|x86.ActiveCfg = Release|Win32
		{A5BF1114-86C9-4089-8DCB-4216F40B60D2}.Release|x86.Build.0 = Release|Win32
		{32CE35FF-DB0E-456D-AE1A-AF8649600237}.Debug|x64.ActiveCfg = Debug|x64
		{32CE35FF-DB0E-456D-AE1A-AF8649600237}.Debug|x64.Build.0 = Debug|x64
		{32CE35FF-DB0E-456D-AE1A-AF8649600237}.Debug|x86.ActiveCfg = Debug|Win32
		{32CE35FF-DB0E-456D-AE1A-AF8649600237}.Debug|x86.Build.0 = Debug|Win32
		{32CE35FF-DB0E-456D-AE1A-AF8649600237}.Release|x64.ActiveCfg = Release|x64
		{32CE35FF-DB0E-456D-AE1A-AF8649600237}.Release|x64.Build.0 = Release|x64
		{32CE35FF-DB0E-456D-AE1A-AF8649600237}.Release|x86.ActiveCfg = Release|Win32
		{32CE35FF-DB0E-456D-AE1A-AF8649600237}.Release|x86.Build.0 = Release|Win32
		{BD48C928-8030-4A11-97DC-8D1C5EDF54F3}.Debug|x64.ActiveCfg = Debug|x64
		{BD48C928-8030-4A11-97DC-8D1C5EDF54F3}.Debug|x64.Build.0 = Debug|x64
		{BD48C928-8030-4A11-97DC-8D1C5EDF54F3}.Debug|x86.ActiveCfg = Debug|Win32
		{BD48C928-8030-4A11-97DC-8D1C5EDF54F3}.Debug|x86.Build.0 = Debug|Win32
		{BD48C928-8030-4A11-97DC-8D1C5EDF54F3}.Release|x64.ActiveCfg = Release|x64
		{BD48C928-8030-4A11-97DC-8D1C5EDF54F3}.Release|x64.Build.0 = Release|x64
		{BD48C928-8030-4A11-97DC-8D1C5EDF54F3}.Release|x86.ActiveCfg = Release|Win32
		{BD48C928-8030-4A11-97DC-8D1C5EDF54F3}.Release|x86.Build.0 = Release|Win32
		{C583DCB3-3BBD-482D-9C71-79BEA18F0B64}.Debug|x64.ActiveCfg = Debug|x64
		{C583DCB3-3BBD-482D-9C71-79BEA18F0B64}.Debug|x64.Build.0 = Debug|x64
		{C583DCB3-3BBD-482D-9C71-79BEA18F0B64}.Debug|x86.ActiveCfg = Debug|Win32
		{C583DCB3-3BBD-482D-9C71-79BEA18F0B64}.Debug|x86.Build.0 = Debug|Win32
		{C583DCB3-3BBD-482D-9C71-79BEA18F0B64}.Release|x64.ActiveCfg = Release|x64
		{C583DCB3-3BBD-482D-9C71-79BEA18F0B64}.Release|x64.Build.0 = Release|x64
		{C583DCB3-3BBD-482D-9C71-79BEA18F0B64}.Release|x86.ActiveCfg = Release|Win32
		{C583DCB3-3BBD-482D-9C71-79BEA18F0B64}.Release|x86.Build.0 = Release|Win32
		{384DC89A-D4E1-4D8B-BA63-241FF65B3CC7}.Debug|x64.ActiveCfg = Debug|x64
		{384DC89A-D4E1-4D8B-BA63-241FF65B3CC7}.Debug|x64.Build.0 = Debug|x64
		{384DC89A-D4E1-4D8B-BA63-241FF65B3CC7}.Debug|x86.ActiveCfg = Debug|Win32
		{384DC89A-D4E1-4D8B-BA63-241FF65B3CC7}.Debug|x86.Build.0 = Debug|Win32
		{384DC89A-D4E1-4D8B-BA63-241FF65B3CC7}.Release|x64.ActiveCfg = Release|x64
		{384DC89A-D4E1-4D8B-BA63-241FF65B3CC7}.Release|x64.Build.0 = Release|x64
		{384DC89A-D4E1-4D8B-BA63-241FF65B3CC7}.Release|x86.ActiveCfg = Release|Win32
		{384DC89A-D4E1-4D8B-BA63-241FF65B3CC7}.Release|x86.Build.0 = Release|Win32
		{5E6F0426-DC3A-430E-82E1-F28345EAABC0}.Debug|x64.ActiveCfg = Debug|x64
		{5E6F0426-DC3A-430E-82E1-F28345EAABC0}.Debug|x64.Build.0 = Debug|x64
		{5E6F0426-DC3A-430E-82E1-F28345EAABC0}.Debug|x86.ActiveCfg = Debug|Win32
		{5E6F0426-DC3A-430E-82E1-F28345EAABC0}.Debug|x86.Build.0 = Debug|Win32
		{5E6F0426-DC3A-430E-82E1-F28345EAABC0}.Release|x64.ActiveCfg = Release|x64
		{5E6F0426-DC3A-430E-82E1-F28345EAABC0}.Release|x64.Build.0 = Release|x64
		{5E6F0426-DC3A-430E-82E1-F28345EAABC0}.Release|x86.ActiveCfg = Release|Win32
		{5E6F0426-DC3A-430E-82E1-F28345EAABC0}.Release|x86.Build.0 = Release|Win32
		{2FF722A3-7CDE-4720-AB58-E9688CB23967}.Debug|x64.ActiveCfg = Debug|x64
		{2FF722A3-7CDE-4720-AB58-E9688CB23967}.Debug|x64.Build.0 = Debug|x64
		{2FF722A3-7CDE-4720-AB58-E9688CB23967}.Debug|x86.ActiveCfg = Debug|Win32
		{2FF722A3-7CDE-4720-AB58-E9688CB23967}.Debug|x86.Build.0 = Debug|Win32
		{2FF722A3-7CDE-4720-AB58-E9688CB23967}.Release|x64.ActiveCfg = Release|x64
		{2FF722A3-7CDE-4720-AB58-E9688CB23967}.Release|x64.Build.0 = Release|x64
		{2FF722A3-7CDE-4720-AB58-E9688CB23967}.Release|x86.ActiveCfg = Release|Win32
		{2FF722A3-7CDE-4720-AB58-E9688CB23967}.Release|x86.Build.0 = Release|Win32
		{E2306210-0F51-4B98-8660-BCAE139105FA}.Debug|x64.ActiveCfg = Debug|x64
		{E2306210-0F51-4B98-8660-BCAE139105FA}.Debug|x64.Build.0 = Debug|x64
		{E2306210-0F51-4B98-8660-BCAE139105FA}.Debug|x86.ActiveCfg = Debug|Win32
		{E2306210-0F51-4B98-8660-BCAE139105FA}.Debug|x86.Build.0 = Debug|Win32
		{E2306210-0F51-4B98-8660-BCAE139105FA}.Release|x64.ActiveCfg = Release|x64
		{E2306210-0F51-4B98-8660-BCAE139105FA}.Release|x64.Build.0 = Release|x64
		{E2306210-0F51-4B98-8660-BCAE139105FA}.Release|x86.ActiveCfg = Release|Win32
		{E2306210-0F51-4B98-8660-BCAE139105FA}.Release|x86.Build.0 = Release|Win32
		{92AA7355-96E0-4E7C-B20F-26535EE8C0A2}.Debug|x64.ActiveCfg = Debug|x64
		{92AA7355-96E0-4E7C-B20F-26535EE8C0A2}.Debug|x64.Build.0 = Debug|x64
		{92AA7355-96E0-4E7C-B20F-26535EE8C0A2}.Debug|x86.ActiveCfg = Debug|Win32
		{92AA7355-96E0-4E7C-B20F-26535EE8C0A2}.Debug|x86.Build.0 = Debug|Win32
		{92AA7355-96E0-4E7C-B20F-26535EE8C0A2}.Release|x64.ActiveCfg = Release|x64
		{92AA7355-96E0-4E7C-B20F-26535EE8C0A2}.Release|x64.Build.0 = Release|x64
		{92AA7355-96E0-4E7C-B20F-26535EE8C0A2}.Release|x86.ActiveCfg = Release|Win32
		{92AA7355-96E0-4E7C-B20F-26535EE8C0A2}.Release|x86.Build.0 = Release|Win32
		{A39EE6A2-F963-4660-84C4-8564DD7415E7}.Debug|x64.ActiveCfg = Debug|x64
		{A39EE6A2-F963-4660-84C4-8564DD7415E7}.Debug|x64.Build.0 = Debug|x64
		{A39EE6A2-F963-4660-84C4-8564DD7415E7}.Debug|x86.ActiveCfg = Debug|Win32
		{A39EE6A2-F963-4660-84C4-8564DD7415E7}.Debug|x86.Build.0 = Debug|Win32
		{A39EE6A2-F963-4660-84C4-8564DD7415E7}.Release|x64.ActiveCfg = Release|x64
		{A39EE6A2-F963-4660-84C4-8564DD7415E7}.Release|x64.Build.0 = Release|x64
		{A39EE6A2-F963-4660-84C4-8564DD7415E7}.Release|x86.ActiveCfg = Release|Win32
		{A39EE6A2-F963-4660-84C4-8564DD7415E7}.Release|x86.Build.0 = Release|Win32
		{CA324AE1-F788-4E04-AC0E-E987FA5E1559}.Debug|x64.ActiveCfg = Debug|x64
		{CA324AE1-F788-4E04-AC0E-E987FA5E1559}.Debug|x64.Build.0 = Debug|x64
		{CA324AE1-F788-4E04-AC0E-E987FA5E1559}.Debug|x86.ActiveCfg = Debug|Win32
		{CA324AE1-F788-4E04-AC0E-E987FA5E1559}.Debug|x86.Build.0 = Debug|Win32
		{CA324AE1-F788-4E04-AC0E-E987FA5E1559}.Release|x64.ActiveCfg = Release|x64
		{CA324AE1-F788-4E04-AC0E-E987FA5E1559}.Release|x64.Build.0 = Release|x64
		{CA324AE1-F788-4E04-AC0E-E987FA5E1559}.Release|x86.ActiveCfg = Release|Win32
		{CA324AE1-F788-4E04-AC0E-E987FA5E1559}.Release|x86.Build.0 = Release|Win32
		{4095E68E-CC69-432B-9DE3-5F9410C8816A}.Debug|x64.ActiveCfg = Debug|x64
		{4095E68E-CC69-432B-9DE3-5F9410C8816A}.Debug|x64.Build.0 = Debug|x64
		{4095E68E-CC69-432B-9DE3-5F9410C8816A}.Debug|x86.ActiveCfg = Debug|Win32
		{4095E68E-CC69-432B-9DE3-5F9410C8816A}.Debug|x86.Build.0 = Debug|Win32
		{4095E68E-CC69-432B-9DE3-5F9410C8816A}.Release|x64.ActiveCfg = Release|x64
		{4095E68E-CC69-432B-9DE3-5F9410C8816A}.Release|x64.Build.0 = Release|x64
		{4095E68E-CC69-432B-9DE3-5F9410C8816A}.Release|x86.ActiveCfg = Release|Win32
		{4095E68E-CC69-432B-9DE3-5F9410C8816A}.Release|x86.Build.0 = Release|Win32
		{41B809C8-5D4A-4FCE-85A9-B81666420A2C}.Debug|x64.ActiveCfg = Debug|x64
		{41B809C8-5D4A-4FCE-85A9-B81666420A2C}.Debug|x64.Build.0 = Debug|x64
		{41B809C8-5D4A-4FCE-85A9-B81666420A2C}.Debug|x86.ActiveCfg = Debug|Win32
		{41B809C8-5D4A-4FCE-85A9-B81666420A2C}.Debug|x86.Build.0 = Debug|Win32
		{41B809C8-5D4A-4FCE-85A9-B81666420A2C}.Release|x64.ActiveCfg = Release|x64
		{41B809C8-5D4A-4FCE-85A9-B81666420A2C}.Release|x64.Build.0 = Release|x64
		{41B809C8-5D4A-4FCE-85A9-B81666420A2C}.Release|x86.ActiveCfg = Release|Win32
		{41B809C8-5D4A-4FCE-85A9-B81666420A2C}.Release|x86.Build.0 = Release|Win32
	EndGlobalSection
	GlobalSection(SolutionProperties) = preSolution
		HideSolutionNode = FALSE
	EndGlobalSection
	GlobalSection(ExtensibilityGlobals) = postSolution
		SolutionGuid = {F418EA57-F2AF-413D-AC08-2C5D51631D3E}
	EndGlobalSection
EndGlobal
