
Microsoft Visual Studio Solution File, Format Version 12.00
# Visual Studio Version 16
VisualStudioVersion = 16.0.31005.135
MinimumVisualStudioVersion = 10.0.40219.1
Project("{8BC9CEB8-8B4A-11D0-8D11-00A0C91BC942}") = "ConsoleApplication2", "ConsoleApplication2\ConsoleApplication2.vcxproj", "{975F31C7-E18C-401A-9F60-482D9D1C74BA}"
EndProject
Project("{8BC9CEB8-8B4A-11D0-8D11-00A0C91BC942}") = "달팽이", "달팽이\달팽이.vcxproj", "{35660BCA-2AB4-41EA-A837-360D73F506ED}"
EndProject
Project("{8BC9CEB8-8B4A-11D0-8D11-00A0C91BC942}") = "도서관", "도서관\도서관.vcxproj", "{50CCF758-E423-4C95-AA7A-D2A9BE431164}"
EndProject
Project("{8BC9CEB8-8B4A-11D0-8D11-00A0C91BC942}") = "뒤집기3", "뒤집기3\뒤집기3.vcxproj", "{59D92E21-E2AC-438F-945C-AD5467F962AD}"
EndProject
Project("{8BC9CEB8-8B4A-11D0-8D11-00A0C91BC942}") = "휴게소세우기", "휴게소세우기\휴게소세우기.vcxproj", "{5500CF1A-FF11-49C3-9217-197DC375C2D8}"
EndProject
Project("{8BC9CEB8-8B4A-11D0-8D11-00A0C91BC942}") = "말이 되고픈 원숭이", "말이 되고픈 원숭이\말이 되고픈 원숭이.vcxproj", "{6D3EE711-AC2E-4AAD-9400-72CB78E1B6FE}"
EndProject
Project("{8BC9CEB8-8B4A-11D0-8D11-00A0C91BC942}") = "추월", "추월\추월.vcxproj", "{89A9CACF-37B9-4722-BD4A-BEF190D89B3A}"
EndProject
Project("{8BC9CEB8-8B4A-11D0-8D11-00A0C91BC942}") = "킹", "킹\킹.vcxproj", "{A5BF1114-86C9-4089-8DCB-4216F40B60D2}"
EndProject
Project("{8BC9CEB8-8B4A-11D0-8D11-00A0C91BC942}") = "N번째큰수", "N번째큰수\N번째큰수.vcxproj", "{32CE35FF-DB0E-456D-AE1A-AF8649600237}"
EndProject
Project("{8BC9CEB8-8B4A-11D0-8D11-00A0C91BC942}") = "플로이드", "플로이드\플로이드.vcxproj", "{BD48C928-8030-4A11-97DC-8D1C5EDF54F3}"
EndProject
Project("{8BC9CEB8-8B4A-11D0-8D11-00A0C91BC942}") = "피보나치", "피보나치\피보나치.vcxproj", "{C583DCB3-3BBD-482D-9C71-79BEA18F0B64}"
EndProject
Project("{8BC9CEB8-8B4A-11D0-8D11-00A0C91BC942}") = "파이프 옮기기 1", "파이프 옮기기 1\파이프 옮기기 1.vcxproj", "{384DC89A-D4E1-4D8B-BA63-241FF65B3CC7}"
EndProject
Project("{8BC9CEB8-8B4A-11D0-8D11-00A0C91BC942}") = "문자열 폭발", "문자열 폭발\문자열 폭발.vcxproj", "{5E6F0426-DC3A-430E-82E1-F28345EAABC0}"
EndProject
Project("{8BC9CEB8-8B4A-11D0-8D11-00A0C91BC942}") = "ACM Craft", "ACM Craft\ACM Craft.vcxproj", "{E2306210-0F51-4B98-8660-BCAE139105FA}"
EndProject
Project("{8BC9CEB8-8B4A-11D0-8D11-00A0C91BC942}") = "벡터 매칭", "벡터 매칭\벡터 매칭.vcxproj", "{92AA7355-96E0-4E7C-B20F-26535EE8C0A2}"
EndProject
Project("{8BC9CEB8-8B4A-11D0-8D11-00A0C91BC942}") = "팰린드롬 분할", "팰린드롬 분할\팰린드롬 분할.vcxproj", "{A39EE6A2-F963-4660-84C4-8564DD7415E7}"
EndProject
Project("{8BC9CEB8-8B4A-11D0-8D11-00A0C91BC942}") = "부분수열의 합2", "부분수열의 합2\부분수열의 합2.vcxproj", "{CA324AE1-F788-4E04-AC0E-E987FA5E1559}"
EndProject
Project("{8BC9CEB8-8B4A-11D0-8D11-00A0C91BC942}") = "계단 수", "계단 수\계단 수.vcxproj", "{4095E68E-CC69-432B-9DE3-5F9410C8816A}"
EndProject
Project("{8BC9CEB8-8B4A-11D0-8D11-00A0C91BC942}") = "비숍", "문제집\문제집.vcxproj", "{41B809C8-5D4A-4FCE-85A9-B81666420A2C}"
EndProject
Project("{8BC9CEB8-8B4A-11D0-8D11-00A0C91BC942}") = "선분 그룹", "선분 그룹\선분 그룹.vcxproj", "{2114741A-D1F6-40BB-9310-B03870D25A5E}"
EndProject
Project("{8BC9CEB8-8B4A-11D0-8D11-00A0C91BC942}") = "다각형의 면적", "다각형의 면적\다각형의 면적.vcxproj", "{4FD876BE-C0A1-43CE-B0CD-EF55DA4B4A99}"
EndProject
Project("{8BC9CEB8-8B4A-11D0-8D11-00A0C91BC942}") = "스도쿠", "스도쿠\스도쿠.vcxproj", "{9D426F2C-AE59-48CC-AFB9-F747183D5015}"
EndProject
Project("{8BC9CEB8-8B4A-11D0-8D11-00A0C91BC942}") = "줄세우기", "줄세우기\줄세우기.vcxproj", "{AF0A7E1D-FCD8-45A6-BF92-E28889158F7D}"
EndProject
Project("{8BC9CEB8-8B4A-11D0-8D11-00A0C91BC942}") = "선분 교차 2", "선분 교차 2\선분 교차 2.vcxproj", "{FF9A4562-B02F-4B54-A42F-200BE8D89B70}"
EndProject
Project("{8BC9CEB8-8B4A-11D0-8D11-00A0C91BC942}") = "Dance Dance Revolution", "Dance Dance Revolution\Dance Dance Revolution.vcxproj", "{F4217495-F85B-47D9-A459-06E6E8EFB349}"
EndProject
Project("{8BC9CEB8-8B4A-11D0-8D11-00A0C91BC942}") = "용액", "용액\용액.vcxproj", "{B8A2AD64-DBBA-494D-B95D-3FB30EFDCB7C}"
EndProject
Project("{8BC9CEB8-8B4A-11D0-8D11-00A0C91BC942}") = "세 용액", "세 용액\세 용액.vcxproj", "{40EA8351-CEEA-4A02-A66B-CC16577FFAAF}"
EndProject
Project("{8BC9CEB8-8B4A-11D0-8D11-00A0C91BC942}") = "음악프로그램", "음악프로그램\음악프로그램.vcxproj", "{2CBF413D-4164-48FB-8398-4CED5ADC96F9}"
EndProject
Project("{8BC9CEB8-8B4A-11D0-8D11-00A0C91BC942}") = "앱", "앱\앱.vcxproj", "{C4DCFD42-E122-4B51-8515-1B4BB7790052}"
EndProject
Project("{8BC9CEB8-8B4A-11D0-8D11-00A0C91BC942}") = "외판원 순회", "외판원 순회\외판원 순회.vcxproj", "{C10C0849-7157-4D26-A225-1A4843946192}"
EndProject
Project("{8BC9CEB8-8B4A-11D0-8D11-00A0C91BC942}") = "부분합", "부분합\부분합.vcxproj", "{385F96E0-8C87-40A3-BF21-F82E89A4C2B4}"
EndProject
Project("{8BC9CEB8-8B4A-11D0-8D11-00A0C91BC942}") = "LCS 2", "LCS 2\LCS 2.vcxproj", "{B9F26A4E-CA1F-4E66-AC75-E2A1D77E56FA}"
EndProject
Project("{8BC9CEB8-8B4A-11D0-8D11-00A0C91BC942}") = "텀 프로젝트", "텀 프로젝트\텀 프로젝트.vcxproj", "{D2849F71-88AA-40CA-9946-2C9434FD1C0E}"
EndProject
Project("{8BC9CEB8-8B4A-11D0-8D11-00A0C91BC942}") = "2048", "2048\2048.vcxproj", "{E9FF6E60-6F23-4D95-BAC8-B7D95D5EC69B}"
EndProject
Project("{8BC9CEB8-8B4A-11D0-8D11-00A0C91BC942}") = "낚시왕", "낚시왕\낚시왕.vcxproj", "{C77C0E08-4490-4FE1-BBDB-98A71DAC436B}"
EndProject
Project("{8BC9CEB8-8B4A-11D0-8D11-00A0C91BC942}") = "1의 개수 세기", "1의 개수 세기\1의 개수 세기.vcxproj", "{FC496245-40E5-4031-B73A-5AEB88BF7A89}"
EndProject
Project("{8BC9CEB8-8B4A-11D0-8D11-00A0C91BC942}") = "행렬 곱셈 순서", "행렬 곱셈 순서\행렬 곱셈 순서.vcxproj", "{A7431D03-A014-4CCB-9418-3B1700011041}"
EndProject
Project("{8BC9CEB8-8B4A-11D0-8D11-00A0C91BC942}") = "가장 긴 증가하는 부분 수열 2", "가장 긴 증가하는 부분 수열 2\가장 긴 증가하는 부분 수열 2.vcxproj", "{9EC649D9-2AAE-49E9-817B-100E2ED1412B}"
EndProject
Project("{8BC9CEB8-8B4A-11D0-8D11-00A0C91BC942}") = "가장 긴 증가하는 부분 수열 1", "가장 긴 증가하는 부분 수열 1\가장 긴 증가하는 부분 수열 1.vcxproj", "{0C4C4C69-E6C9-4DF2-A1DB-E8799AB80BB2}"
EndProject
Project("{8BC9CEB8-8B4A-11D0-8D11-00A0C91BC942}") = "알파벳", "알파벳\알파벳.vcxproj", "{0CBF7DD7-D486-4627-8A22-5D7DCFB6D85A}"
EndProject
Project("{8BC9CEB8-8B4A-11D0-8D11-00A0C91BC942}") = "두 배열의 합", "두 배열의 합\두 배열의 합.vcxproj", "{2BC2A93A-627A-4466-B04A-5984E326691D}"
EndProject
Project("{8BC9CEB8-8B4A-11D0-8D11-00A0C91BC942}") = "피리 부는 사나이", "피리 부는 사나이\피리 부는 사나이.vcxproj", "{10AB7105-A845-4FEE-8FCE-40802CF75383}"
EndProject
Project("{8BC9CEB8-8B4A-11D0-8D11-00A0C91BC942}") = "벽 부수고 이동하기 4", "벽 부수고 이동하기 4\벽 부수고 이동하기 4.vcxproj", "{0E988BA0-6FC1-49E1-BCDA-48045DA0DE8B}"
EndProject
Project("{8BC9CEB8-8B4A-11D0-8D11-00A0C91BC942}") = "rgb거리 2", "rgb거리 2\rgb거리 2.vcxproj", "{2330165A-B443-4222-B5B4-C58E821821ED}"
EndProject
Project("{8BC9CEB8-8B4A-11D0-8D11-00A0C91BC942}") = "카드 게임", "카드 게임\카드 게임.vcxproj", "{98C34256-E025-4D48-9C02-05AFD8ECF33E}"
EndProject
Project("{8BC9CEB8-8B4A-11D0-8D11-00A0C91BC942}") = "Trap", "Trap\Trap.vcxproj", "{5D490308-2E79-4A29-882D-24E3B39DD994}"
EndProject
Project("{8BC9CEB8-8B4A-11D0-8D11-00A0C91BC942}") = "불 끄기", "불 끄기\불 끄기.vcxproj", "{C10807EE-4C19-4AAB-9C95-0B0AB54A5C03}"
EndProject
Project("{8BC9CEB8-8B4A-11D0-8D11-00A0C91BC942}") = "자물쇠", "자물쇠\자물쇠.vcxproj", "{8BBC646A-3D1C-4D11-A355-C09A98E33506}"
EndProject
Project("{8BC9CEB8-8B4A-11D0-8D11-00A0C91BC942}") = "마방진", "마방진\마방진.vcxproj", "{5862FDA2-98BA-4526-BAA2-5D72AB9DBEEB}"
EndProject
Project("{8BC9CEB8-8B4A-11D0-8D11-00A0C91BC942}") = "열쇠", "열쇠\열쇠.vcxproj", "{261EF021-94E7-4C5B-A9BA-AA890D810901}"
EndProject
Project("{8BC9CEB8-8B4A-11D0-8D11-00A0C91BC942}") = "전깃줄-2", "전깃줄-2\전깃줄-2.vcxproj", "{6262DF5F-6843-4313-AC04-F398564FDE25}"
EndProject
Project("{8BC9CEB8-8B4A-11D0-8D11-00A0C91BC942}") = "구슬탈출2", "구슬탈출2\구슬탈출2.vcxproj", "{1325DEA0-DFFE-4513-967A-7F35F25CCBD8}"
EndProject
Project("{8BC9CEB8-8B4A-11D0-8D11-00A0C91BC942}") = "토끼의 이동", "토끼의 이동\토끼의 이동.vcxproj", "{A3B21367-44B0-477F-902F-AEB6040DB19D}"
EndProject
Project("{8BC9CEB8-8B4A-11D0-8D11-00A0C91BC942}") = "1로 만들기 2", "1로 만들기 2\1로 만들기 2.vcxproj", "{3D7D133E-6024-47F4-ACB8-BB094BF02263}"
EndProject
Project("{8BC9CEB8-8B4A-11D0-8D11-00A0C91BC942}") = "철로", "철로\철로.vcxproj", "{75880891-CC90-43F9-84D1-B9D2777779FF}"
EndProject
Project("{8BC9CEB8-8B4A-11D0-8D11-00A0C91BC942}") = "물약", "물약\물약.vcxproj", "{BCC5800E-6C93-4ABA-B3E1-86A4B29BBD35}"
EndProject
Project("{8BC9CEB8-8B4A-11D0-8D11-00A0C91BC942}") = "갤러리", "갤러리\갤러리.vcxproj", "{9DD06BF3-F0BC-46CA-A7F3-A6A1FBE1CC89}"
EndProject
Project("{8BC9CEB8-8B4A-11D0-8D11-00A0C91BC942}") = "숫자의 신", "숫자의 신\숫자의 신.vcxproj", "{4D3DF8A0-9BE9-45BC-B447-DD1B4CDB6093}"
EndProject
Project("{8BC9CEB8-8B4A-11D0-8D11-00A0C91BC942}") = "컴퓨터 조립", "컴퓨터 조립\컴퓨터 조립.vcxproj", "{15D4AA93-A2AD-4BB7-8FD2-0800025B4481}"
EndProject
Project("{8BC9CEB8-8B4A-11D0-8D11-00A0C91BC942}") = "소문난 칠공주", "소문난 칠공주\소문난 칠공주.vcxproj", "{F0765AF8-863C-4E1A-82CB-43B072A67BB6}"
EndProject
Project("{8BC9CEB8-8B4A-11D0-8D11-00A0C91BC942}") = "스티커 붙이기", "스티커 붙이기\스티커 붙이기.vcxproj", "{81E0061D-503C-402C-9C91-AFA3C2A85D76}"
EndProject
Project("{8BC9CEB8-8B4A-11D0-8D11-00A0C91BC942}") = "다리 만들기", "다리 만들기\다리 만들기.vcxproj", "{FF69D6BF-4105-4DA1-827C-9FEE841856FD}"
EndProject
Project("{8BC9CEB8-8B4A-11D0-8D11-00A0C91BC942}") = "IQ Test", "IQ Test\IQ Test.vcxproj", "{2C06FDC7-0AB8-4129-B0AC-4B3B3114E097}"
EndProject
Project("{8BC9CEB8-8B4A-11D0-8D11-00A0C91BC942}") = "감시", "감시\감시.vcxproj", "{2922CD5E-7D63-4029-B8DD-7D54ECBD1E73}"
EndProject
Project("{8BC9CEB8-8B4A-11D0-8D11-00A0C91BC942}") = "주식왕 동호", "주식왕 동호\주식왕 동호.vcxproj", "{64898B06-10DF-471A-94EB-A5EFB5DFF8A0}"
EndProject
Project("{8BC9CEB8-8B4A-11D0-8D11-00A0C91BC942}") = "색종이 붙이기", "색종이 붙이기\색종이 붙이기.vcxproj", "{CB50017E-E40D-4FC7-9D19-C8420A7039FA}"
EndProject
Project("{8BC9CEB8-8B4A-11D0-8D11-00A0C91BC942}") = "트리의 높이와 너비", "트리의 높이와 너비\트리의 높이와 너비.vcxproj", "{14C7AEB3-AA82-4D66-B676-94FBDB637B86}"
EndProject
Project("{8BC9CEB8-8B4A-11D0-8D11-00A0C91BC942}") = "새로운 게임 2", "새로운 게임 2\새로운 게임 2.vcxproj", "{23DE01B6-0956-4FBC-860E-38C9819998E6}"
EndProject
Global
	GlobalSection(SolutionConfigurationPlatforms) = preSolution
		Debug|x64 = Debug|x64
		Debug|x86 = Debug|x86
		Release|x64 = Release|x64
		Release|x86 = Release|x86
	EndGlobalSection
	GlobalSection(ProjectConfigurationPlatforms) = postSolution
		{975F31C7-E18C-401A-9F60-482D9D1C74BA}.Debug|x64.ActiveCfg = Debug|x64
		{975F31C7-E18C-401A-9F60-482D9D1C74BA}.Debug|x64.Build.0 = Debug|x64
		{975F31C7-E18C-401A-9F60-482D9D1C74BA}.Debug|x86.ActiveCfg = Debug|Win32
		{975F31C7-E18C-401A-9F60-482D9D1C74BA}.Debug|x86.Build.0 = Debug|Win32
		{975F31C7-E18C-401A-9F60-482D9D1C74BA}.Release|x64.ActiveCfg = Release|x64
		{975F31C7-E18C-401A-9F60-482D9D1C74BA}.Release|x64.Build.0 = Release|x64
		{975F31C7-E18C-401A-9F60-482D9D1C74BA}.Release|x86.ActiveCfg = Release|Win32
		{975F31C7-E18C-401A-9F60-482D9D1C74BA}.Release|x86.Build.0 = Release|Win32
		{35660BCA-2AB4-41EA-A837-360D73F506ED}.Debug|x64.ActiveCfg = Debug|x64
		{35660BCA-2AB4-41EA-A837-360D73F506ED}.Debug|x64.Build.0 = Debug|x64
		{35660BCA-2AB4-41EA-A837-360D73F506ED}.Debug|x86.ActiveCfg = Debug|Win32
		{35660BCA-2AB4-41EA-A837-360D73F506ED}.Debug|x86.Build.0 = Debug|Win32
		{35660BCA-2AB4-41EA-A837-360D73F506ED}.Release|x64.ActiveCfg = Release|x64
		{35660BCA-2AB4-41EA-A837-360D73F506ED}.Release|x64.Build.0 = Release|x64
		{35660BCA-2AB4-41EA-A837-360D73F506ED}.Release|x86.ActiveCfg = Release|Win32
		{35660BCA-2AB4-41EA-A837-360D73F506ED}.Release|x86.Build.0 = Release|Win32
		{50CCF758-E423-4C95-AA7A-D2A9BE431164}.Debug|x64.ActiveCfg = Debug|x64
		{50CCF758-E423-4C95-AA7A-D2A9BE431164}.Debug|x64.Build.0 = Debug|x64
		{50CCF758-E423-4C95-AA7A-D2A9BE431164}.Debug|x86.ActiveCfg = Debug|Win32
		{50CCF758-E423-4C95-AA7A-D2A9BE431164}.Debug|x86.Build.0 = Debug|Win32
		{50CCF758-E423-4C95-AA7A-D2A9BE431164}.Release|x64.ActiveCfg = Release|x64
		{50CCF758-E423-4C95-AA7A-D2A9BE431164}.Release|x64.Build.0 = Release|x64
		{50CCF758-E423-4C95-AA7A-D2A9BE431164}.Release|x86.ActiveCfg = Release|Win32
		{50CCF758-E423-4C95-AA7A-D2A9BE431164}.Release|x86.Build.0 = Release|Win32
		{59D92E21-E2AC-438F-945C-AD5467F962AD}.Debug|x64.ActiveCfg = Debug|x64
		{59D92E21-E2AC-438F-945C-AD5467F962AD}.Debug|x64.Build.0 = Debug|x64
		{59D92E21-E2AC-438F-945C-AD5467F962AD}.Debug|x86.ActiveCfg = Debug|Win32
		{59D92E21-E2AC-438F-945C-AD5467F962AD}.Debug|x86.Build.0 = Debug|Win32
		{59D92E21-E2AC-438F-945C-AD5467F962AD}.Release|x64.ActiveCfg = Release|x64
		{59D92E21-E2AC-438F-945C-AD5467F962AD}.Release|x64.Build.0 = Release|x64
		{59D92E21-E2AC-438F-945C-AD5467F962AD}.Release|x86.ActiveCfg = Release|Win32
		{59D92E21-E2AC-438F-945C-AD5467F962AD}.Release|x86.Build.0 = Release|Win32
		{5500CF1A-FF11-49C3-9217-197DC375C2D8}.Debug|x64.ActiveCfg = Debug|x64
		{5500CF1A-FF11-49C3-9217-197DC375C2D8}.Debug|x64.Build.0 = Debug|x64
		{5500CF1A-FF11-49C3-9217-197DC375C2D8}.Debug|x86.ActiveCfg = Debug|Win32
		{5500CF1A-FF11-49C3-9217-197DC375C2D8}.Debug|x86.Build.0 = Debug|Win32
		{5500CF1A-FF11-49C3-9217-197DC375C2D8}.Release|x64.ActiveCfg = Release|x64
		{5500CF1A-FF11-49C3-9217-197DC375C2D8}.Release|x64.Build.0 = Release|x64
		{5500CF1A-FF11-49C3-9217-197DC375C2D8}.Release|x86.ActiveCfg = Release|Win32
		{5500CF1A-FF11-49C3-9217-197DC375C2D8}.Release|x86.Build.0 = Release|Win32
		{6D3EE711-AC2E-4AAD-9400-72CB78E1B6FE}.Debug|x64.ActiveCfg = Debug|x64
		{6D3EE711-AC2E-4AAD-9400-72CB78E1B6FE}.Debug|x64.Build.0 = Debug|x64
		{6D3EE711-AC2E-4AAD-9400-72CB78E1B6FE}.Debug|x86.ActiveCfg = Debug|Win32
		{6D3EE711-AC2E-4AAD-9400-72CB78E1B6FE}.Debug|x86.Build.0 = Debug|Win32
		{6D3EE711-AC2E-4AAD-9400-72CB78E1B6FE}.Release|x64.ActiveCfg = Release|x64
		{6D3EE711-AC2E-4AAD-9400-72CB78E1B6FE}.Release|x64.Build.0 = Release|x64
		{6D3EE711-AC2E-4AAD-9400-72CB78E1B6FE}.Release|x86.ActiveCfg = Release|Win32
		{6D3EE711-AC2E-4AAD-9400-72CB78E1B6FE}.Release|x86.Build.0 = Release|Win32
		{89A9CACF-37B9-4722-BD4A-BEF190D89B3A}.Debug|x64.ActiveCfg = Debug|x64
		{89A9CACF-37B9-4722-BD4A-BEF190D89B3A}.Debug|x64.Build.0 = Debug|x64
		{89A9CACF-37B9-4722-BD4A-BEF190D89B3A}.Debug|x86.ActiveCfg = Debug|Win32
		{89A9CACF-37B9-4722-BD4A-BEF190D89B3A}.Debug|x86.Build.0 = Debug|Win32
		{89A9CACF-37B9-4722-BD4A-BEF190D89B3A}.Release|x64.ActiveCfg = Release|x64
		{89A9CACF-37B9-4722-BD4A-BEF190D89B3A}.Release|x64.Build.0 = Release|x64
		{89A9CACF-37B9-4722-BD4A-BEF190D89B3A}.Release|x86.ActiveCfg = Release|Win32
		{89A9CACF-37B9-4722-BD4A-BEF190D89B3A}.Release|x86.Build.0 = Release|Win32
		{A5BF1114-86C9-4089-8DCB-4216F40B60D2}.Debug|x64.ActiveCfg = Debug|x64
		{A5BF1114-86C9-4089-8DCB-4216F40B60D2}.Debug|x64.Build.0 = Debug|x64
		{A5BF1114-86C9-4089-8DCB-4216F40B60D2}.Debug|x86.ActiveCfg = Debug|Win32
		{A5BF1114-86C9-4089-8DCB-4216F40B60D2}.Debug|x86.Build.0 = Debug|Win32
		{A5BF1114-86C9-4089-8DCB-4216F40B60D2}.Release|x64.ActiveCfg = Release|x64
		{A5BF1114-86C9-4089-8DCB-4216F40B60D2}.Release|x64.Build.0 = Release|x64
		{A5BF1114-86C9-4089-8DCB-4216F40B60D2}.Release|x86.ActiveCfg = Release|Win32
		{A5BF1114-86C9-4089-8DCB-4216F40B60D2}.Release|x86.Build.0 = Release|Win32
		{32CE35FF-DB0E-456D-AE1A-AF8649600237}.Debug|x64.ActiveCfg = Debug|x64
		{32CE35FF-DB0E-456D-AE1A-AF8649600237}.Debug|x64.Build.0 = Debug|x64
		{32CE35FF-DB0E-456D-AE1A-AF8649600237}.Debug|x86.ActiveCfg = Debug|Win32
		{32CE35FF-DB0E-456D-AE1A-AF8649600237}.Debug|x86.Build.0 = Debug|Win32
		{32CE35FF-DB0E-456D-AE1A-AF8649600237}.Release|x64.ActiveCfg = Release|x64
		{32CE35FF-DB0E-456D-AE1A-AF8649600237}.Release|x64.Build.0 = Release|x64
		{32CE35FF-DB0E-456D-AE1A-AF8649600237}.Release|x86.ActiveCfg = Release|Win32
		{32CE35FF-DB0E-456D-AE1A-AF8649600237}.Release|x86.Build.0 = Release|Win32
		{BD48C928-8030-4A11-97DC-8D1C5EDF54F3}.Debug|x64.ActiveCfg = Debug|x64
		{BD48C928-8030-4A11-97DC-8D1C5EDF54F3}.Debug|x64.Build.0 = Debug|x64
		{BD48C928-8030-4A11-97DC-8D1C5EDF54F3}.Debug|x86.ActiveCfg = Debug|Win32
		{BD48C928-8030-4A11-97DC-8D1C5EDF54F3}.Debug|x86.Build.0 = Debug|Win32
		{BD48C928-8030-4A11-97DC-8D1C5EDF54F3}.Release|x64.ActiveCfg = Release|x64
		{BD48C928-8030-4A11-97DC-8D1C5EDF54F3}.Release|x64.Build.0 = Release|x64
		{BD48C928-8030-4A11-97DC-8D1C5EDF54F3}.Release|x86.ActiveCfg = Release|Win32
		{BD48C928-8030-4A11-97DC-8D1C5EDF54F3}.Release|x86.Build.0 = Release|Win32
		{C583DCB3-3BBD-482D-9C71-79BEA18F0B64}.Debug|x64.ActiveCfg = Debug|x64
		{C583DCB3-3BBD-482D-9C71-79BEA18F0B64}.Debug|x64.Build.0 = Debug|x64
		{C583DCB3-3BBD-482D-9C71-79BEA18F0B64}.Debug|x86.ActiveCfg = Debug|Win32
		{C583DCB3-3BBD-482D-9C71-79BEA18F0B64}.Debug|x86.Build.0 = Debug|Win32
		{C583DCB3-3BBD-482D-9C71-79BEA18F0B64}.Release|x64.ActiveCfg = Release|x64
		{C583DCB3-3BBD-482D-9C71-79BEA18F0B64}.Release|x64.Build.0 = Release|x64
		{C583DCB3-3BBD-482D-9C71-79BEA18F0B64}.Release|x86.ActiveCfg = Release|Win32
		{C583DCB3-3BBD-482D-9C71-79BEA18F0B64}.Release|x86.Build.0 = Release|Win32
		{384DC89A-D4E1-4D8B-BA63-241FF65B3CC7}.Debug|x64.ActiveCfg = Debug|x64
		{384DC89A-D4E1-4D8B-BA63-241FF65B3CC7}.Debug|x64.Build.0 = Debug|x64
		{384DC89A-D4E1-4D8B-BA63-241FF65B3CC7}.Debug|x86.ActiveCfg = Debug|Win32
		{384DC89A-D4E1-4D8B-BA63-241FF65B3CC7}.Debug|x86.Build.0 = Debug|Win32
		{384DC89A-D4E1-4D8B-BA63-241FF65B3CC7}.Release|x64.ActiveCfg = Release|x64
		{384DC89A-D4E1-4D8B-BA63-241FF65B3CC7}.Release|x64.Build.0 = Release|x64
		{384DC89A-D4E1-4D8B-BA63-241FF65B3CC7}.Release|x86.ActiveCfg = Release|Win32
		{384DC89A-D4E1-4D8B-BA63-241FF65B3CC7}.Release|x86.Build.0 = Release|Win32
		{5E6F0426-DC3A-430E-82E1-F28345EAABC0}.Debug|x64.ActiveCfg = Debug|x64
		{5E6F0426-DC3A-430E-82E1-F28345EAABC0}.Debug|x64.Build.0 = Debug|x64
		{5E6F0426-DC3A-430E-82E1-F28345EAABC0}.Debug|x86.ActiveCfg = Debug|Win32
		{5E6F0426-DC3A-430E-82E1-F28345EAABC0}.Debug|x86.Build.0 = Debug|Win32
		{5E6F0426-DC3A-430E-82E1-F28345EAABC0}.Release|x64.ActiveCfg = Release|x64
		{5E6F0426-DC3A-430E-82E1-F28345EAABC0}.Release|x64.Build.0 = Release|x64
		{5E6F0426-DC3A-430E-82E1-F28345EAABC0}.Release|x86.ActiveCfg = Release|Win32
		{5E6F0426-DC3A-430E-82E1-F28345EAABC0}.Release|x86.Build.0 = Release|Win32
		{E2306210-0F51-4B98-8660-BCAE139105FA}.Debug|x64.ActiveCfg = Debug|x64
		{E2306210-0F51-4B98-8660-BCAE139105FA}.Debug|x64.Build.0 = Debug|x64
		{E2306210-0F51-4B98-8660-BCAE139105FA}.Debug|x86.ActiveCfg = Debug|Win32
		{E2306210-0F51-4B98-8660-BCAE139105FA}.Debug|x86.Build.0 = Debug|Win32
		{E2306210-0F51-4B98-8660-BCAE139105FA}.Release|x64.ActiveCfg = Release|x64
		{E2306210-0F51-4B98-8660-BCAE139105FA}.Release|x64.Build.0 = Release|x64
		{E2306210-0F51-4B98-8660-BCAE139105FA}.Release|x86.ActiveCfg = Release|Win32
		{E2306210-0F51-4B98-8660-BCAE139105FA}.Release|x86.Build.0 = Release|Win32
		{92AA7355-96E0-4E7C-B20F-26535EE8C0A2}.Debug|x64.ActiveCfg = Debug|x64
		{92AA7355-96E0-4E7C-B20F-26535EE8C0A2}.Debug|x64.Build.0 = Debug|x64
		{92AA7355-96E0-4E7C-B20F-26535EE8C0A2}.Debug|x86.ActiveCfg = Debug|Win32
		{92AA7355-96E0-4E7C-B20F-26535EE8C0A2}.Debug|x86.Build.0 = Debug|Win32
		{92AA7355-96E0-4E7C-B20F-26535EE8C0A2}.Release|x64.ActiveCfg = Release|x64
		{92AA7355-96E0-4E7C-B20F-26535EE8C0A2}.Release|x64.Build.0 = Release|x64
		{92AA7355-96E0-4E7C-B20F-26535EE8C0A2}.Release|x86.ActiveCfg = Release|Win32
		{92AA7355-96E0-4E7C-B20F-26535EE8C0A2}.Release|x86.Build.0 = Release|Win32
		{A39EE6A2-F963-4660-84C4-8564DD7415E7}.Debug|x64.ActiveCfg = Debug|x64
		{A39EE6A2-F963-4660-84C4-8564DD7415E7}.Debug|x64.Build.0 = Debug|x64
		{A39EE6A2-F963-4660-84C4-8564DD7415E7}.Debug|x86.ActiveCfg = Debug|Win32
		{A39EE6A2-F963-4660-84C4-8564DD7415E7}.Debug|x86.Build.0 = Debug|Win32
		{A39EE6A2-F963-4660-84C4-8564DD7415E7}.Release|x64.ActiveCfg = Release|x64
		{A39EE6A2-F963-4660-84C4-8564DD7415E7}.Release|x64.Build.0 = Release|x64
		{A39EE6A2-F963-4660-84C4-8564DD7415E7}.Release|x86.ActiveCfg = Release|Win32
		{A39EE6A2-F963-4660-84C4-8564DD7415E7}.Release|x86.Build.0 = Release|Win32
		{CA324AE1-F788-4E04-AC0E-E987FA5E1559}.Debug|x64.ActiveCfg = Debug|x64
		{CA324AE1-F788-4E04-AC0E-E987FA5E1559}.Debug|x64.Build.0 = Debug|x64
		{CA324AE1-F788-4E04-AC0E-E987FA5E1559}.Debug|x86.ActiveCfg = Debug|Win32
		{CA324AE1-F788-4E04-AC0E-E987FA5E1559}.Debug|x86.Build.0 = Debug|Win32
		{CA324AE1-F788-4E04-AC0E-E987FA5E1559}.Release|x64.ActiveCfg = Release|x64
		{CA324AE1-F788-4E04-AC0E-E987FA5E1559}.Release|x64.Build.0 = Release|x64
		{CA324AE1-F788-4E04-AC0E-E987FA5E1559}.Release|x86.ActiveCfg = Release|Win32
		{CA324AE1-F788-4E04-AC0E-E987FA5E1559}.Release|x86.Build.0 = Release|Win32
		{4095E68E-CC69-432B-9DE3-5F9410C8816A}.Debug|x64.ActiveCfg = Debug|x64
		{4095E68E-CC69-432B-9DE3-5F9410C8816A}.Debug|x64.Build.0 = Debug|x64
		{4095E68E-CC69-432B-9DE3-5F9410C8816A}.Debug|x86.ActiveCfg = Debug|Win32
		{4095E68E-CC69-432B-9DE3-5F9410C8816A}.Debug|x86.Build.0 = Debug|Win32
		{4095E68E-CC69-432B-9DE3-5F9410C8816A}.Release|x64.ActiveCfg = Release|x64
		{4095E68E-CC69-432B-9DE3-5F9410C8816A}.Release|x64.Build.0 = Release|x64
		{4095E68E-CC69-432B-9DE3-5F9410C8816A}.Release|x86.ActiveCfg = Release|Win32
		{4095E68E-CC69-432B-9DE3-5F9410C8816A}.Release|x86.Build.0 = Release|Win32
		{41B809C8-5D4A-4FCE-85A9-B81666420A2C}.Debug|x64.ActiveCfg = Debug|x64
		{41B809C8-5D4A-4FCE-85A9-B81666420A2C}.Debug|x64.Build.0 = Debug|x64
		{41B809C8-5D4A-4FCE-85A9-B81666420A2C}.Debug|x86.ActiveCfg = Debug|Win32
		{41B809C8-5D4A-4FCE-85A9-B81666420A2C}.Debug|x86.Build.0 = Debug|Win32
		{41B809C8-5D4A-4FCE-85A9-B81666420A2C}.Release|x64.ActiveCfg = Release|x64
		{41B809C8-5D4A-4FCE-85A9-B81666420A2C}.Release|x64.Build.0 = Release|x64
		{41B809C8-5D4A-4FCE-85A9-B81666420A2C}.Release|x86.ActiveCfg = Release|Win32
		{41B809C8-5D4A-4FCE-85A9-B81666420A2C}.Release|x86.Build.0 = Release|Win32
		{2114741A-D1F6-40BB-9310-B03870D25A5E}.Debug|x64.ActiveCfg = Debug|x64
		{2114741A-D1F6-40BB-9310-B03870D25A5E}.Debug|x64.Build.0 = Debug|x64
		{2114741A-D1F6-40BB-9310-B03870D25A5E}.Debug|x86.ActiveCfg = Debug|Win32
		{2114741A-D1F6-40BB-9310-B03870D25A5E}.Debug|x86.Build.0 = Debug|Win32
		{2114741A-D1F6-40BB-9310-B03870D25A5E}.Release|x64.ActiveCfg = Release|x64
		{2114741A-D1F6-40BB-9310-B03870D25A5E}.Release|x64.Build.0 = Release|x64
		{2114741A-D1F6-40BB-9310-B03870D25A5E}.Release|x86.ActiveCfg = Release|Win32
		{2114741A-D1F6-40BB-9310-B03870D25A5E}.Release|x86.Build.0 = Release|Win32
		{4FD876BE-C0A1-43CE-B0CD-EF55DA4B4A99}.Debug|x64.ActiveCfg = Debug|x64
		{4FD876BE-C0A1-43CE-B0CD-EF55DA4B4A99}.Debug|x64.Build.0 = Debug|x64
		{4FD876BE-C0A1-43CE-B0CD-EF55DA4B4A99}.Debug|x86.ActiveCfg = Debug|Win32
		{4FD876BE-C0A1-43CE-B0CD-EF55DA4B4A99}.Debug|x86.Build.0 = Debug|Win32
		{4FD876BE-C0A1-43CE-B0CD-EF55DA4B4A99}.Release|x64.ActiveCfg = Release|x64
		{4FD876BE-C0A1-43CE-B0CD-EF55DA4B4A99}.Release|x64.Build.0 = Release|x64
		{4FD876BE-C0A1-43CE-B0CD-EF55DA4B4A99}.Release|x86.ActiveCfg = Release|Win32
		{4FD876BE-C0A1-43CE-B0CD-EF55DA4B4A99}.Release|x86.Build.0 = Release|Win32
		{9D426F2C-AE59-48CC-AFB9-F747183D5015}.Debug|x64.ActiveCfg = Debug|x64
		{9D426F2C-AE59-48CC-AFB9-F747183D5015}.Debug|x64.Build.0 = Debug|x64
		{9D426F2C-AE59-48CC-AFB9-F747183D5015}.Debug|x86.ActiveCfg = Debug|Win32
		{9D426F2C-AE59-48CC-AFB9-F747183D5015}.Debug|x86.Build.0 = Debug|Win32
		{9D426F2C-AE59-48CC-AFB9-F747183D5015}.Release|x64.ActiveCfg = Release|x64
		{9D426F2C-AE59-48CC-AFB9-F747183D5015}.Release|x64.Build.0 = Release|x64
		{9D426F2C-AE59-48CC-AFB9-F747183D5015}.Release|x86.ActiveCfg = Release|Win32
		{9D426F2C-AE59-48CC-AFB9-F747183D5015}.Release|x86.Build.0 = Release|Win32
		{AF0A7E1D-FCD8-45A6-BF92-E28889158F7D}.Debug|x64.ActiveCfg = Debug|x64
		{AF0A7E1D-FCD8-45A6-BF92-E28889158F7D}.Debug|x64.Build.0 = Debug|x64
		{AF0A7E1D-FCD8-45A6-BF92-E28889158F7D}.Debug|x86.ActiveCfg = Debug|Win32
		{AF0A7E1D-FCD8-45A6-BF92-E28889158F7D}.Debug|x86.Build.0 = Debug|Win32
		{AF0A7E1D-FCD8-45A6-BF92-E28889158F7D}.Release|x64.ActiveCfg = Release|x64
		{AF0A7E1D-FCD8-45A6-BF92-E28889158F7D}.Release|x64.Build.0 = Release|x64
		{AF0A7E1D-FCD8-45A6-BF92-E28889158F7D}.Release|x86.ActiveCfg = Release|Win32
		{AF0A7E1D-FCD8-45A6-BF92-E28889158F7D}.Release|x86.Build.0 = Release|Win32
		{FF9A4562-B02F-4B54-A42F-200BE8D89B70}.Debug|x64.ActiveCfg = Debug|x64
		{FF9A4562-B02F-4B54-A42F-200BE8D89B70}.Debug|x64.Build.0 = Debug|x64
		{FF9A4562-B02F-4B54-A42F-200BE8D89B70}.Debug|x86.ActiveCfg = Debug|Win32
		{FF9A4562-B02F-4B54-A42F-200BE8D89B70}.Debug|x86.Build.0 = Debug|Win32
		{FF9A4562-B02F-4B54-A42F-200BE8D89B70}.Release|x64.ActiveCfg = Release|x64
		{FF9A4562-B02F-4B54-A42F-200BE8D89B70}.Release|x64.Build.0 = Release|x64
		{FF9A4562-B02F-4B54-A42F-200BE8D89B70}.Release|x86.ActiveCfg = Release|Win32
		{FF9A4562-B02F-4B54-A42F-200BE8D89B70}.Release|x86.Build.0 = Release|Win32
		{F4217495-F85B-47D9-A459-06E6E8EFB349}.Debug|x64.ActiveCfg = Debug|x64
		{F4217495-F85B-47D9-A459-06E6E8EFB349}.Debug|x64.Build.0 = Debug|x64
		{F4217495-F85B-47D9-A459-06E6E8EFB349}.Debug|x86.ActiveCfg = Debug|Win32
		{F4217495-F85B-47D9-A459-06E6E8EFB349}.Debug|x86.Build.0 = Debug|Win32
		{F4217495-F85B-47D9-A459-06E6E8EFB349}.Release|x64.ActiveCfg = Release|x64
		{F4217495-F85B-47D9-A459-06E6E8EFB349}.Release|x64.Build.0 = Release|x64
		{F4217495-F85B-47D9-A459-06E6E8EFB349}.Release|x86.ActiveCfg = Release|Win32
		{F4217495-F85B-47D9-A459-06E6E8EFB349}.Release|x86.Build.0 = Release|Win32
		{B8A2AD64-DBBA-494D-B95D-3FB30EFDCB7C}.Debug|x64.ActiveCfg = Debug|x64
		{B8A2AD64-DBBA-494D-B95D-3FB30EFDCB7C}.Debug|x64.Build.0 = Debug|x64
		{B8A2AD64-DBBA-494D-B95D-3FB30EFDCB7C}.Debug|x86.ActiveCfg = Debug|Win32
		{B8A2AD64-DBBA-494D-B95D-3FB30EFDCB7C}.Debug|x86.Build.0 = Debug|Win32
		{B8A2AD64-DBBA-494D-B95D-3FB30EFDCB7C}.Release|x64.ActiveCfg = Release|x64
		{B8A2AD64-DBBA-494D-B95D-3FB30EFDCB7C}.Release|x64.Build.0 = Release|x64
		{B8A2AD64-DBBA-494D-B95D-3FB30EFDCB7C}.Release|x86.ActiveCfg = Release|Win32
		{B8A2AD64-DBBA-494D-B95D-3FB30EFDCB7C}.Release|x86.Build.0 = Release|Win32
		{40EA8351-CEEA-4A02-A66B-CC16577FFAAF}.Debug|x64.ActiveCfg = Debug|x64
		{40EA8351-CEEA-4A02-A66B-CC16577FFAAF}.Debug|x64.Build.0 = Debug|x64
		{40EA8351-CEEA-4A02-A66B-CC16577FFAAF}.Debug|x86.ActiveCfg = Debug|Win32
		{40EA8351-CEEA-4A02-A66B-CC16577FFAAF}.Debug|x86.Build.0 = Debug|Win32
		{40EA8351-CEEA-4A02-A66B-CC16577FFAAF}.Release|x64.ActiveCfg = Release|x64
		{40EA8351-CEEA-4A02-A66B-CC16577FFAAF}.Release|x64.Build.0 = Release|x64
		{40EA8351-CEEA-4A02-A66B-CC16577FFAAF}.Release|x86.ActiveCfg = Release|Win32
		{40EA8351-CEEA-4A02-A66B-CC16577FFAAF}.Release|x86.Build.0 = Release|Win32
		{2CBF413D-4164-48FB-8398-4CED5ADC96F9}.Debug|x64.ActiveCfg = Debug|x64
		{2CBF413D-4164-48FB-8398-4CED5ADC96F9}.Debug|x64.Build.0 = Debug|x64
		{2CBF413D-4164-48FB-8398-4CED5ADC96F9}.Debug|x86.ActiveCfg = Debug|Win32
		{2CBF413D-4164-48FB-8398-4CED5ADC96F9}.Debug|x86.Build.0 = Debug|Win32
		{2CBF413D-4164-48FB-8398-4CED5ADC96F9}.Release|x64.ActiveCfg = Release|x64
		{2CBF413D-4164-48FB-8398-4CED5ADC96F9}.Release|x64.Build.0 = Release|x64
		{2CBF413D-4164-48FB-8398-4CED5ADC96F9}.Release|x86.ActiveCfg = Release|Win32
		{2CBF413D-4164-48FB-8398-4CED5ADC96F9}.Release|x86.Build.0 = Release|Win32
		{C4DCFD42-E122-4B51-8515-1B4BB7790052}.Debug|x64.ActiveCfg = Debug|x64
		{C4DCFD42-E122-4B51-8515-1B4BB7790052}.Debug|x64.Build.0 = Debug|x64
		{C4DCFD42-E122-4B51-8515-1B4BB7790052}.Debug|x86.ActiveCfg = Debug|Win32
		{C4DCFD42-E122-4B51-8515-1B4BB7790052}.Debug|x86.Build.0 = Debug|Win32
		{C4DCFD42-E122-4B51-8515-1B4BB7790052}.Release|x64.ActiveCfg = Release|x64
		{C4DCFD42-E122-4B51-8515-1B4BB7790052}.Release|x64.Build.0 = Release|x64
		{C4DCFD42-E122-4B51-8515-1B4BB7790052}.Release|x86.ActiveCfg = Release|Win32
		{C4DCFD42-E122-4B51-8515-1B4BB7790052}.Release|x86.Build.0 = Release|Win32
		{C10C0849-7157-4D26-A225-1A4843946192}.Debug|x64.ActiveCfg = Debug|x64
		{C10C0849-7157-4D26-A225-1A4843946192}.Debug|x64.Build.0 = Debug|x64
		{C10C0849-7157-4D26-A225-1A4843946192}.Debug|x86.ActiveCfg = Debug|Win32
		{C10C0849-7157-4D26-A225-1A4843946192}.Debug|x86.Build.0 = Debug|Win32
		{C10C0849-7157-4D26-A225-1A4843946192}.Release|x64.ActiveCfg = Release|x64
		{C10C0849-7157-4D26-A225-1A4843946192}.Release|x64.Build.0 = Release|x64
		{C10C0849-7157-4D26-A225-1A4843946192}.Release|x86.ActiveCfg = Release|Win32
		{C10C0849-7157-4D26-A225-1A4843946192}.Release|x86.Build.0 = Release|Win32
		{385F96E0-8C87-40A3-BF21-F82E89A4C2B4}.Debug|x64.ActiveCfg = Debug|x64
		{385F96E0-8C87-40A3-BF21-F82E89A4C2B4}.Debug|x64.Build.0 = Debug|x64
		{385F96E0-8C87-40A3-BF21-F82E89A4C2B4}.Debug|x86.ActiveCfg = Debug|Win32
		{385F96E0-8C87-40A3-BF21-F82E89A4C2B4}.Debug|x86.Build.0 = Debug|Win32
		{385F96E0-8C87-40A3-BF21-F82E89A4C2B4}.Release|x64.ActiveCfg = Release|x64
		{385F96E0-8C87-40A3-BF21-F82E89A4C2B4}.Release|x64.Build.0 = Release|x64
		{385F96E0-8C87-40A3-BF21-F82E89A4C2B4}.Release|x86.ActiveCfg = Release|Win32
		{385F96E0-8C87-40A3-BF21-F82E89A4C2B4}.Release|x86.Build.0 = Release|Win32
		{B9F26A4E-CA1F-4E66-AC75-E2A1D77E56FA}.Debug|x64.ActiveCfg = Debug|x64
		{B9F26A4E-CA1F-4E66-AC75-E2A1D77E56FA}.Debug|x64.Build.0 = Debug|x64
		{B9F26A4E-CA1F-4E66-AC75-E2A1D77E56FA}.Debug|x86.ActiveCfg = Debug|Win32
		{B9F26A4E-CA1F-4E66-AC75-E2A1D77E56FA}.Debug|x86.Build.0 = Debug|Win32
		{B9F26A4E-CA1F-4E66-AC75-E2A1D77E56FA}.Release|x64.ActiveCfg = Release|x64
		{B9F26A4E-CA1F-4E66-AC75-E2A1D77E56FA}.Release|x64.Build.0 = Release|x64
		{B9F26A4E-CA1F-4E66-AC75-E2A1D77E56FA}.Release|x86.ActiveCfg = Release|Win32
		{B9F26A4E-CA1F-4E66-AC75-E2A1D77E56FA}.Release|x86.Build.0 = Release|Win32
		{D2849F71-88AA-40CA-9946-2C9434FD1C0E}.Debug|x64.ActiveCfg = Debug|x64
		{D2849F71-88AA-40CA-9946-2C9434FD1C0E}.Debug|x64.Build.0 = Debug|x64
		{D2849F71-88AA-40CA-9946-2C9434FD1C0E}.Debug|x86.ActiveCfg = Debug|Win32
		{D2849F71-88AA-40CA-9946-2C9434FD1C0E}.Debug|x86.Build.0 = Debug|Win32
		{D2849F71-88AA-40CA-9946-2C9434FD1C0E}.Release|x64.ActiveCfg = Release|x64
		{D2849F71-88AA-40CA-9946-2C9434FD1C0E}.Release|x64.Build.0 = Release|x64
		{D2849F71-88AA-40CA-9946-2C9434FD1C0E}.Release|x86.ActiveCfg = Release|Win32
		{D2849F71-88AA-40CA-9946-2C9434FD1C0E}.Release|x86.Build.0 = Release|Win32
		{E9FF6E60-6F23-4D95-BAC8-B7D95D5EC69B}.Debug|x64.ActiveCfg = Debug|x64
		{E9FF6E60-6F23-4D95-BAC8-B7D95D5EC69B}.Debug|x64.Build.0 = Debug|x64
		{E9FF6E60-6F23-4D95-BAC8-B7D95D5EC69B}.Debug|x86.ActiveCfg = Debug|Win32
		{E9FF6E60-6F23-4D95-BAC8-B7D95D5EC69B}.Debug|x86.Build.0 = Debug|Win32
		{E9FF6E60-6F23-4D95-BAC8-B7D95D5EC69B}.Release|x64.ActiveCfg = Release|x64
		{E9FF6E60-6F23-4D95-BAC8-B7D95D5EC69B}.Release|x64.Build.0 = Release|x64
		{E9FF6E60-6F23-4D95-BAC8-B7D95D5EC69B}.Release|x86.ActiveCfg = Release|Win32
		{E9FF6E60-6F23-4D95-BAC8-B7D95D5EC69B}.Release|x86.Build.0 = Release|Win32
		{C77C0E08-4490-4FE1-BBDB-98A71DAC436B}.Debug|x64.ActiveCfg = Debug|x64
		{C77C0E08-4490-4FE1-BBDB-98A71DAC436B}.Debug|x64.Build.0 = Debug|x64
		{C77C0E08-4490-4FE1-BBDB-98A71DAC436B}.Debug|x86.ActiveCfg = Debug|Win32
		{C77C0E08-4490-4FE1-BBDB-98A71DAC436B}.Debug|x86.Build.0 = Debug|Win32
		{C77C0E08-4490-4FE1-BBDB-98A71DAC436B}.Release|x64.ActiveCfg = Release|x64
		{C77C0E08-4490-4FE1-BBDB-98A71DAC436B}.Release|x64.Build.0 = Release|x64
		{C77C0E08-4490-4FE1-BBDB-98A71DAC436B}.Release|x86.ActiveCfg = Release|Win32
		{C77C0E08-4490-4FE1-BBDB-98A71DAC436B}.Release|x86.Build.0 = Release|Win32
		{FC496245-40E5-4031-B73A-5AEB88BF7A89}.Debug|x64.ActiveCfg = Debug|x64
		{FC496245-40E5-4031-B73A-5AEB88BF7A89}.Debug|x64.Build.0 = Debug|x64
		{FC496245-40E5-4031-B73A-5AEB88BF7A89}.Debug|x86.ActiveCfg = Debug|Win32
		{FC496245-40E5-4031-B73A-5AEB88BF7A89}.Debug|x86.Build.0 = Debug|Win32
		{FC496245-40E5-4031-B73A-5AEB88BF7A89}.Release|x64.ActiveCfg = Release|x64
		{FC496245-40E5-4031-B73A-5AEB88BF7A89}.Release|x64.Build.0 = Release|x64
		{FC496245-40E5-4031-B73A-5AEB88BF7A89}.Release|x86.ActiveCfg = Release|Win32
		{FC496245-40E5-4031-B73A-5AEB88BF7A89}.Release|x86.Build.0 = Release|Win32
		{A7431D03-A014-4CCB-9418-3B1700011041}.Debug|x64.ActiveCfg = Debug|x64
		{A7431D03-A014-4CCB-9418-3B1700011041}.Debug|x64.Build.0 = Debug|x64
		{A7431D03-A014-4CCB-9418-3B1700011041}.Debug|x86.ActiveCfg = Debug|Win32
		{A7431D03-A014-4CCB-9418-3B1700011041}.Debug|x86.Build.0 = Debug|Win32
		{A7431D03-A014-4CCB-9418-3B1700011041}.Release|x64.ActiveCfg = Release|x64
		{A7431D03-A014-4CCB-9418-3B1700011041}.Release|x64.Build.0 = Release|x64
		{A7431D03-A014-4CCB-9418-3B1700011041}.Release|x86.ActiveCfg = Release|Win32
		{A7431D03-A014-4CCB-9418-3B1700011041}.Release|x86.Build.0 = Release|Win32
		{9EC649D9-2AAE-49E9-817B-100E2ED1412B}.Debug|x64.ActiveCfg = Debug|x64
		{9EC649D9-2AAE-49E9-817B-100E2ED1412B}.Debug|x64.Build.0 = Debug|x64
		{9EC649D9-2AAE-49E9-817B-100E2ED1412B}.Debug|x86.ActiveCfg = Debug|Win32
		{9EC649D9-2AAE-49E9-817B-100E2ED1412B}.Debug|x86.Build.0 = Debug|Win32
		{9EC649D9-2AAE-49E9-817B-100E2ED1412B}.Release|x64.ActiveCfg = Release|x64
		{9EC649D9-2AAE-49E9-817B-100E2ED1412B}.Release|x64.Build.0 = Release|x64
		{9EC649D9-2AAE-49E9-817B-100E2ED1412B}.Release|x86.ActiveCfg = Release|Win32
		{9EC649D9-2AAE-49E9-817B-100E2ED1412B}.Release|x86.Build.0 = Release|Win32
		{0C4C4C69-E6C9-4DF2-A1DB-E8799AB80BB2}.Debug|x64.ActiveCfg = Debug|x64
		{0C4C4C69-E6C9-4DF2-A1DB-E8799AB80BB2}.Debug|x64.Build.0 = Debug|x64
		{0C4C4C69-E6C9-4DF2-A1DB-E8799AB80BB2}.Debug|x86.ActiveCfg = Debug|Win32
		{0C4C4C69-E6C9-4DF2-A1DB-E8799AB80BB2}.Debug|x86.Build.0 = Debug|Win32
		{0C4C4C69-E6C9-4DF2-A1DB-E8799AB80BB2}.Release|x64.ActiveCfg = Release|x64
		{0C4C4C69-E6C9-4DF2-A1DB-E8799AB80BB2}.Release|x64.Build.0 = Release|x64
		{0C4C4C69-E6C9-4DF2-A1DB-E8799AB80BB2}.Release|x86.ActiveCfg = Release|Win32
		{0C4C4C69-E6C9-4DF2-A1DB-E8799AB80BB2}.Release|x86.Build.0 = Release|Win32
		{0CBF7DD7-D486-4627-8A22-5D7DCFB6D85A}.Debug|x64.ActiveCfg = Debug|x64
		{0CBF7DD7-D486-4627-8A22-5D7DCFB6D85A}.Debug|x64.Build.0 = Debug|x64
		{0CBF7DD7-D486-4627-8A22-5D7DCFB6D85A}.Debug|x86.ActiveCfg = Debug|Win32
		{0CBF7DD7-D486-4627-8A22-5D7DCFB6D85A}.Debug|x86.Build.0 = Debug|Win32
		{0CBF7DD7-D486-4627-8A22-5D7DCFB6D85A}.Release|x64.ActiveCfg = Release|x64
		{0CBF7DD7-D486-4627-8A22-5D7DCFB6D85A}.Release|x64.Build.0 = Release|x64
		{0CBF7DD7-D486-4627-8A22-5D7DCFB6D85A}.Release|x86.ActiveCfg = Release|Win32
		{0CBF7DD7-D486-4627-8A22-5D7DCFB6D85A}.Release|x86.Build.0 = Release|Win32
		{2BC2A93A-627A-4466-B04A-5984E326691D}.Debug|x64.ActiveCfg = Debug|x64
		{2BC2A93A-627A-4466-B04A-5984E326691D}.Debug|x64.Build.0 = Debug|x64
		{2BC2A93A-627A-4466-B04A-5984E326691D}.Debug|x86.ActiveCfg = Debug|Win32
		{2BC2A93A-627A-4466-B04A-5984E326691D}.Debug|x86.Build.0 = Debug|Win32
		{2BC2A93A-627A-4466-B04A-5984E326691D}.Release|x64.ActiveCfg = Release|x64
		{2BC2A93A-627A-4466-B04A-5984E326691D}.Release|x64.Build.0 = Release|x64
		{2BC2A93A-627A-4466-B04A-5984E326691D}.Release|x86.ActiveCfg = Release|Win32
		{2BC2A93A-627A-4466-B04A-5984E326691D}.Release|x86.Build.0 = Release|Win32
		{10AB7105-A845-4FEE-8FCE-40802CF75383}.Debug|x64.ActiveCfg = Debug|x64
		{10AB7105-A845-4FEE-8FCE-40802CF75383}.Debug|x64.Build.0 = Debug|x64
		{10AB7105-A845-4FEE-8FCE-40802CF75383}.Debug|x86.ActiveCfg = Debug|Win32
		{10AB7105-A845-4FEE-8FCE-40802CF75383}.Debug|x86.Build.0 = Debug|Win32
		{10AB7105-A845-4FEE-8FCE-40802CF75383}.Release|x64.ActiveCfg = Release|x64
		{10AB7105-A845-4FEE-8FCE-40802CF75383}.Release|x64.Build.0 = Release|x64
		{10AB7105-A845-4FEE-8FCE-40802CF75383}.Release|x86.ActiveCfg = Release|Win32
		{10AB7105-A845-4FEE-8FCE-40802CF75383}.Release|x86.Build.0 = Release|Win32
		{0E988BA0-6FC1-49E1-BCDA-48045DA0DE8B}.Debug|x64.ActiveCfg = Debug|x64
		{0E988BA0-6FC1-49E1-BCDA-48045DA0DE8B}.Debug|x64.Build.0 = Debug|x64
		{0E988BA0-6FC1-49E1-BCDA-48045DA0DE8B}.Debug|x86.ActiveCfg = Debug|Win32
		{0E988BA0-6FC1-49E1-BCDA-48045DA0DE8B}.Debug|x86.Build.0 = Debug|Win32
		{0E988BA0-6FC1-49E1-BCDA-48045DA0DE8B}.Release|x64.ActiveCfg = Release|x64
		{0E988BA0-6FC1-49E1-BCDA-48045DA0DE8B}.Release|x64.Build.0 = Release|x64
		{0E988BA0-6FC1-49E1-BCDA-48045DA0DE8B}.Release|x86.ActiveCfg = Release|Win32
		{0E988BA0-6FC1-49E1-BCDA-48045DA0DE8B}.Release|x86.Build.0 = Release|Win32
		{2330165A-B443-4222-B5B4-C58E821821ED}.Debug|x64.ActiveCfg = Debug|x64
		{2330165A-B443-4222-B5B4-C58E821821ED}.Debug|x64.Build.0 = Debug|x64
		{2330165A-B443-4222-B5B4-C58E821821ED}.Debug|x86.ActiveCfg = Debug|Win32
		{2330165A-B443-4222-B5B4-C58E821821ED}.Debug|x86.Build.0 = Debug|Win32
		{2330165A-B443-4222-B5B4-C58E821821ED}.Release|x64.ActiveCfg = Release|x64
		{2330165A-B443-4222-B5B4-C58E821821ED}.Release|x64.Build.0 = Release|x64
		{2330165A-B443-4222-B5B4-C58E821821ED}.Release|x86.ActiveCfg = Release|Win32
		{2330165A-B443-4222-B5B4-C58E821821ED}.Release|x86.Build.0 = Release|Win32
		{98C34256-E025-4D48-9C02-05AFD8ECF33E}.Debug|x64.ActiveCfg = Debug|x64
		{98C34256-E025-4D48-9C02-05AFD8ECF33E}.Debug|x64.Build.0 = Debug|x64
		{98C34256-E025-4D48-9C02-05AFD8ECF33E}.Debug|x86.ActiveCfg = Debug|Win32
		{98C34256-E025-4D48-9C02-05AFD8ECF33E}.Debug|x86.Build.0 = Debug|Win32
		{98C34256-E025-4D48-9C02-05AFD8ECF33E}.Release|x64.ActiveCfg = Release|x64
		{98C34256-E025-4D48-9C02-05AFD8ECF33E}.Release|x64.Build.0 = Release|x64
		{98C34256-E025-4D48-9C02-05AFD8ECF33E}.Release|x86.ActiveCfg = Release|Win32
		{98C34256-E025-4D48-9C02-05AFD8ECF33E}.Release|x86.Build.0 = Release|Win32
		{5D490308-2E79-4A29-882D-24E3B39DD994}.Debug|x64.ActiveCfg = Debug|x64
		{5D490308-2E79-4A29-882D-24E3B39DD994}.Debug|x64.Build.0 = Debug|x64
		{5D490308-2E79-4A29-882D-24E3B39DD994}.Debug|x86.ActiveCfg = Debug|Win32
		{5D490308-2E79-4A29-882D-24E3B39DD994}.Debug|x86.Build.0 = Debug|Win32
		{5D490308-2E79-4A29-882D-24E3B39DD994}.Release|x64.ActiveCfg = Release|x64
		{5D490308-2E79-4A29-882D-24E3B39DD994}.Release|x64.Build.0 = Release|x64
		{5D490308-2E79-4A29-882D-24E3B39DD994}.Release|x86.ActiveCfg = Release|Win32
		{5D490308-2E79-4A29-882D-24E3B39DD994}.Release|x86.Build.0 = Release|Win32
		{C10807EE-4C19-4AAB-9C95-0B0AB54A5C03}.Debug|x64.ActiveCfg = Debug|x64
		{C10807EE-4C19-4AAB-9C95-0B0AB54A5C03}.Debug|x64.Build.0 = Debug|x64
		{C10807EE-4C19-4AAB-9C95-0B0AB54A5C03}.Debug|x86.ActiveCfg = Debug|Win32
		{C10807EE-4C19-4AAB-9C95-0B0AB54A5C03}.Debug|x86.Build.0 = Debug|Win32
		{C10807EE-4C19-4AAB-9C95-0B0AB54A5C03}.Release|x64.ActiveCfg = Release|x64
		{C10807EE-4C19-4AAB-9C95-0B0AB54A5C03}.Release|x64.Build.0 = Release|x64
		{C10807EE-4C19-4AAB-9C95-0B0AB54A5C03}.Release|x86.ActiveCfg = Release|Win32
		{C10807EE-4C19-4AAB-9C95-0B0AB54A5C03}.Release|x86.Build.0 = Release|Win32
		{8BBC646A-3D1C-4D11-A355-C09A98E33506}.Debug|x64.ActiveCfg = Debug|x64
		{8BBC646A-3D1C-4D11-A355-C09A98E33506}.Debug|x64.Build.0 = Debug|x64
		{8BBC646A-3D1C-4D11-A355-C09A98E33506}.Debug|x86.ActiveCfg = Debug|Win32
		{8BBC646A-3D1C-4D11-A355-C09A98E33506}.Debug|x86.Build.0 = Debug|Win32
		{8BBC646A-3D1C-4D11-A355-C09A98E33506}.Release|x64.ActiveCfg = Release|x64
		{8BBC646A-3D1C-4D11-A355-C09A98E33506}.Release|x64.Build.0 = Release|x64
		{8BBC646A-3D1C-4D11-A355-C09A98E33506}.Release|x86.ActiveCfg = Release|Win32
		{8BBC646A-3D1C-4D11-A355-C09A98E33506}.Release|x86.Build.0 = Release|Win32
		{5862FDA2-98BA-4526-BAA2-5D72AB9DBEEB}.Debug|x64.ActiveCfg = Debug|x64
		{5862FDA2-98BA-4526-BAA2-5D72AB9DBEEB}.Debug|x64.Build.0 = Debug|x64
		{5862FDA2-98BA-4526-BAA2-5D72AB9DBEEB}.Debug|x86.ActiveCfg = Debug|Win32
		{5862FDA2-98BA-4526-BAA2-5D72AB9DBEEB}.Debug|x86.Build.0 = Debug|Win32
		{5862FDA2-98BA-4526-BAA2-5D72AB9DBEEB}.Release|x64.ActiveCfg = Release|x64
		{5862FDA2-98BA-4526-BAA2-5D72AB9DBEEB}.Release|x64.Build.0 = Release|x64
		{5862FDA2-98BA-4526-BAA2-5D72AB9DBEEB}.Release|x86.ActiveCfg = Release|Win32
		{5862FDA2-98BA-4526-BAA2-5D72AB9DBEEB}.Release|x86.Build.0 = Release|Win32
		{261EF021-94E7-4C5B-A9BA-AA890D810901}.Debug|x64.ActiveCfg = Debug|x64
		{261EF021-94E7-4C5B-A9BA-AA890D810901}.Debug|x64.Build.0 = Debug|x64
		{261EF021-94E7-4C5B-A9BA-AA890D810901}.Debug|x86.ActiveCfg = Debug|Win32
		{261EF021-94E7-4C5B-A9BA-AA890D810901}.Debug|x86.Build.0 = Debug|Win32
		{261EF021-94E7-4C5B-A9BA-AA890D810901}.Release|x64.ActiveCfg = Release|x64
		{261EF021-94E7-4C5B-A9BA-AA890D810901}.Release|x64.Build.0 = Release|x64
		{261EF021-94E7-4C5B-A9BA-AA890D810901}.Release|x86.ActiveCfg = Release|Win32
		{261EF021-94E7-4C5B-A9BA-AA890D810901}.Release|x86.Build.0 = Release|Win32
		{6262DF5F-6843-4313-AC04-F398564FDE25}.Debug|x64.ActiveCfg = Debug|x64
		{6262DF5F-6843-4313-AC04-F398564FDE25}.Debug|x64.Build.0 = Debug|x64
		{6262DF5F-6843-4313-AC04-F398564FDE25}.Debug|x86.ActiveCfg = Debug|Win32
		{6262DF5F-6843-4313-AC04-F398564FDE25}.Debug|x86.Build.0 = Debug|Win32
		{6262DF5F-6843-4313-AC04-F398564FDE25}.Release|x64.ActiveCfg = Release|x64
		{6262DF5F-6843-4313-AC04-F398564FDE25}.Release|x64.Build.0 = Release|x64
		{6262DF5F-6843-4313-AC04-F398564FDE25}.Release|x86.ActiveCfg = Release|Win32
		{6262DF5F-6843-4313-AC04-F398564FDE25}.Release|x86.Build.0 = Release|Win32
		{1325DEA0-DFFE-4513-967A-7F35F25CCBD8}.Debug|x64.ActiveCfg = Debug|x64
		{1325DEA0-DFFE-4513-967A-7F35F25CCBD8}.Debug|x64.Build.0 = Debug|x64
		{1325DEA0-DFFE-4513-967A-7F35F25CCBD8}.Debug|x86.ActiveCfg = Debug|Win32
		{1325DEA0-DFFE-4513-967A-7F35F25CCBD8}.Debug|x86.Build.0 = Debug|Win32
		{1325DEA0-DFFE-4513-967A-7F35F25CCBD8}.Release|x64.ActiveCfg = Release|x64
		{1325DEA0-DFFE-4513-967A-7F35F25CCBD8}.Release|x64.Build.0 = Release|x64
		{1325DEA0-DFFE-4513-967A-7F35F25CCBD8}.Release|x86.ActiveCfg = Release|Win32
		{1325DEA0-DFFE-4513-967A-7F35F25CCBD8}.Release|x86.Build.0 = Release|Win32
		{A3B21367-44B0-477F-902F-AEB6040DB19D}.Debug|x64.ActiveCfg = Debug|x64
		{A3B21367-44B0-477F-902F-AEB6040DB19D}.Debug|x64.Build.0 = Debug|x64
		{A3B21367-44B0-477F-902F-AEB6040DB19D}.Debug|x86.ActiveCfg = Debug|Win32
		{A3B21367-44B0-477F-902F-AEB6040DB19D}.Debug|x86.Build.0 = Debug|Win32
		{A3B21367-44B0-477F-902F-AEB6040DB19D}.Release|x64.ActiveCfg = Release|x64
		{A3B21367-44B0-477F-902F-AEB6040DB19D}.Release|x64.Build.0 = Release|x64
		{A3B21367-44B0-477F-902F-AEB6040DB19D}.Release|x86.ActiveCfg = Release|Win32
		{A3B21367-44B0-477F-902F-AEB6040DB19D}.Release|x86.Build.0 = Release|Win32
		{3D7D133E-6024-47F4-ACB8-BB094BF02263}.Debug|x64.ActiveCfg = Debug|x64
		{3D7D133E-6024-47F4-ACB8-BB094BF02263}.Debug|x64.Build.0 = Debug|x64
		{3D7D133E-6024-47F4-ACB8-BB094BF02263}.Debug|x86.ActiveCfg = Debug|Win32
		{3D7D133E-6024-47F4-ACB8-BB094BF02263}.Debug|x86.Build.0 = Debug|Win32
		{3D7D133E-6024-47F4-ACB8-BB094BF02263}.Release|x64.ActiveCfg = Release|x64
		{3D7D133E-6024-47F4-ACB8-BB094BF02263}.Release|x64.Build.0 = Release|x64
		{3D7D133E-6024-47F4-ACB8-BB094BF02263}.Release|x86.ActiveCfg = Release|Win32
		{3D7D133E-6024-47F4-ACB8-BB094BF02263}.Release|x86.Build.0 = Release|Win32
		{75880891-CC90-43F9-84D1-B9D2777779FF}.Debug|x64.ActiveCfg = Debug|x64
		{75880891-CC90-43F9-84D1-B9D2777779FF}.Debug|x64.Build.0 = Debug|x64
		{75880891-CC90-43F9-84D1-B9D2777779FF}.Debug|x86.ActiveCfg = Debug|Win32
		{75880891-CC90-43F9-84D1-B9D2777779FF}.Debug|x86.Build.0 = Debug|Win32
		{75880891-CC90-43F9-84D1-B9D2777779FF}.Release|x64.ActiveCfg = Release|x64
		{75880891-CC90-43F9-84D1-B9D2777779FF}.Release|x64.Build.0 = Release|x64
		{75880891-CC90-43F9-84D1-B9D2777779FF}.Release|x86.ActiveCfg = Release|Win32
		{75880891-CC90-43F9-84D1-B9D2777779FF}.Release|x86.Build.0 = Release|Win32
		{BCC5800E-6C93-4ABA-B3E1-86A4B29BBD35}.Debug|x64.ActiveCfg = Debug|x64
		{BCC5800E-6C93-4ABA-B3E1-86A4B29BBD35}.Debug|x64.Build.0 = Debug|x64
		{BCC5800E-6C93-4ABA-B3E1-86A4B29BBD35}.Debug|x86.ActiveCfg = Debug|Win32
		{BCC5800E-6C93-4ABA-B3E1-86A4B29BBD35}.Debug|x86.Build.0 = Debug|Win32
		{BCC5800E-6C93-4ABA-B3E1-86A4B29BBD35}.Release|x64.ActiveCfg = Release|x64
		{BCC5800E-6C93-4ABA-B3E1-86A4B29BBD35}.Release|x64.Build.0 = Release|x64
		{BCC5800E-6C93-4ABA-B3E1-86A4B29BBD35}.Release|x86.ActiveCfg = Release|Win32
		{BCC5800E-6C93-4ABA-B3E1-86A4B29BBD35}.Release|x86.Build.0 = Release|Win32
		{9DD06BF3-F0BC-46CA-A7F3-A6A1FBE1CC89}.Debug|x64.ActiveCfg = Debug|x64
		{9DD06BF3-F0BC-46CA-A7F3-A6A1FBE1CC89}.Debug|x64.Build.0 = Debug|x64
		{9DD06BF3-F0BC-46CA-A7F3-A6A1FBE1CC89}.Debug|x86.ActiveCfg = Debug|Win32
		{9DD06BF3-F0BC-46CA-A7F3-A6A1FBE1CC89}.Debug|x86.Build.0 = Debug|Win32
		{9DD06BF3-F0BC-46CA-A7F3-A6A1FBE1CC89}.Release|x64.ActiveCfg = Release|x64
		{9DD06BF3-F0BC-46CA-A7F3-A6A1FBE1CC89}.Release|x64.Build.0 = Release|x64
		{9DD06BF3-F0BC-46CA-A7F3-A6A1FBE1CC89}.Release|x86.ActiveCfg = Release|Win32
		{9DD06BF3-F0BC-46CA-A7F3-A6A1FBE1CC89}.Release|x86.Build.0 = Release|Win32
		{4D3DF8A0-9BE9-45BC-B447-DD1B4CDB6093}.Debug|x64.ActiveCfg = Debug|x64
		{4D3DF8A0-9BE9-45BC-B447-DD1B4CDB6093}.Debug|x64.Build.0 = Debug|x64
		{4D3DF8A0-9BE9-45BC-B447-DD1B4CDB6093}.Debug|x86.ActiveCfg = Debug|Win32
		{4D3DF8A0-9BE9-45BC-B447-DD1B4CDB6093}.Debug|x86.Build.0 = Debug|Win32
		{4D3DF8A0-9BE9-45BC-B447-DD1B4CDB6093}.Release|x64.ActiveCfg = Release|x64
		{4D3DF8A0-9BE9-45BC-B447-DD1B4CDB6093}.Release|x64.Build.0 = Release|x64
		{4D3DF8A0-9BE9-45BC-B447-DD1B4CDB6093}.Release|x86.ActiveCfg = Release|Win32
		{4D3DF8A0-9BE9-45BC-B447-DD1B4CDB6093}.Release|x86.Build.0 = Release|Win32
		{15D4AA93-A2AD-4BB7-8FD2-0800025B4481}.Debug|x64.ActiveCfg = Debug|x64
		{15D4AA93-A2AD-4BB7-8FD2-0800025B4481}.Debug|x64.Build.0 = Debug|x64
		{15D4AA93-A2AD-4BB7-8FD2-0800025B4481}.Debug|x86.ActiveCfg = Debug|Win32
		{15D4AA93-A2AD-4BB7-8FD2-0800025B4481}.Debug|x86.Build.0 = Debug|Win32
		{15D4AA93-A2AD-4BB7-8FD2-0800025B4481}.Release|x64.ActiveCfg = Release|x64
		{15D4AA93-A2AD-4BB7-8FD2-0800025B4481}.Release|x64.Build.0 = Release|x64
		{15D4AA93-A2AD-4BB7-8FD2-0800025B4481}.Release|x86.ActiveCfg = Release|Win32
		{15D4AA93-A2AD-4BB7-8FD2-0800025B4481}.Release|x86.Build.0 = Release|Win32
		{F0765AF8-863C-4E1A-82CB-43B072A67BB6}.Debug|x64.ActiveCfg = Debug|x64
		{F0765AF8-863C-4E1A-82CB-43B072A67BB6}.Debug|x64.Build.0 = Debug|x64
		{F0765AF8-863C-4E1A-82CB-43B072A67BB6}.Debug|x86.ActiveCfg = Debug|Win32
		{F0765AF8-863C-4E1A-82CB-43B072A67BB6}.Debug|x86.Build.0 = Debug|Win32
		{F0765AF8-863C-4E1A-82CB-43B072A67BB6}.Release|x64.ActiveCfg = Release|x64
		{F0765AF8-863C-4E1A-82CB-43B072A67BB6}.Release|x64.Build.0 = Release|x64
		{F0765AF8-863C-4E1A-82CB-43B072A67BB6}.Release|x86.ActiveCfg = Release|Win32
		{F0765AF8-863C-4E1A-82CB-43B072A67BB6}.Release|x86.Build.0 = Release|Win32
		{81E0061D-503C-402C-9C91-AFA3C2A85D76}.Debug|x64.ActiveCfg = Debug|x64
		{81E0061D-503C-402C-9C91-AFA3C2A85D76}.Debug|x64.Build.0 = Debug|x64
		{81E0061D-503C-402C-9C91-AFA3C2A85D76}.Debug|x86.ActiveCfg = Debug|Win32
		{81E0061D-503C-402C-9C91-AFA3C2A85D76}.Debug|x86.Build.0 = Debug|Win32
		{81E0061D-503C-402C-9C91-AFA3C2A85D76}.Release|x64.ActiveCfg = Release|x64
		{81E0061D-503C-402C-9C91-AFA3C2A85D76}.Release|x64.Build.0 = Release|x64
		{81E0061D-503C-402C-9C91-AFA3C2A85D76}.Release|x86.ActiveCfg = Release|Win32
		{81E0061D-503C-402C-9C91-AFA3C2A85D76}.Release|x86.Build.0 = Release|Win32
		{FF69D6BF-4105-4DA1-827C-9FEE841856FD}.Debug|x64.ActiveCfg = Debug|x64
		{FF69D6BF-4105-4DA1-827C-9FEE841856FD}.Debug|x64.Build.0 = Debug|x64
		{FF69D6BF-4105-4DA1-827C-9FEE841856FD}.Debug|x86.ActiveCfg = Debug|Win32
		{FF69D6BF-4105-4DA1-827C-9FEE841856FD}.Debug|x86.Build.0 = Debug|Win32
		{FF69D6BF-4105-4DA1-827C-9FEE841856FD}.Release|x64.ActiveCfg = Release|x64
		{FF69D6BF-4105-4DA1-827C-9FEE841856FD}.Release|x64.Build.0 = Release|x64
		{FF69D6BF-4105-4DA1-827C-9FEE841856FD}.Release|x86.ActiveCfg = Release|Win32
		{FF69D6BF-4105-4DA1-827C-9FEE841856FD}.Release|x86.Build.0 = Release|Win32
		{2C06FDC7-0AB8-4129-B0AC-4B3B3114E097}.Debug|x64.ActiveCfg = Debug|x64
		{2C06FDC7-0AB8-4129-B0AC-4B3B3114E097}.Debug|x64.Build.0 = Debug|x64
		{2C06FDC7-0AB8-4129-B0AC-4B3B3114E097}.Debug|x86.ActiveCfg = Debug|Win32
		{2C06FDC7-0AB8-4129-B0AC-4B3B3114E097}.Debug|x86.Build.0 = Debug|Win32
		{2C06FDC7-0AB8-4129-B0AC-4B3B3114E097}.Release|x64.ActiveCfg = Release|x64
		{2C06FDC7-0AB8-4129-B0AC-4B3B3114E097}.Release|x64.Build.0 = Release|x64
		{2C06FDC7-0AB8-4129-B0AC-4B3B3114E097}.Release|x86.ActiveCfg = Release|Win32
		{2C06FDC7-0AB8-4129-B0AC-4B3B3114E097}.Release|x86.Build.0 = Release|Win32
		{2922CD5E-7D63-4029-B8DD-7D54ECBD1E73}.Debug|x64.ActiveCfg = Debug|x64
		{2922CD5E-7D63-4029-B8DD-7D54ECBD1E73}.Debug|x64.Build.0 = Debug|x64
		{2922CD5E-7D63-4029-B8DD-7D54ECBD1E73}.Debug|x86.ActiveCfg = Debug|Win32
		{2922CD5E-7D63-4029-B8DD-7D54ECBD1E73}.Debug|x86.Build.0 = Debug|Win32
		{2922CD5E-7D63-4029-B8DD-7D54ECBD1E73}.Release|x64.ActiveCfg = Release|x64
		{2922CD5E-7D63-4029-B8DD-7D54ECBD1E73}.Release|x64.Build.0 = Release|x64
		{2922CD5E-7D63-4029-B8DD-7D54ECBD1E73}.Release|x86.ActiveCfg = Release|Win32
		{2922CD5E-7D63-4029-B8DD-7D54ECBD1E73}.Release|x86.Build.0 = Release|Win32
		{64898B06-10DF-471A-94EB-A5EFB5DFF8A0}.Debug|x64.ActiveCfg = Debug|x64
		{64898B06-10DF-471A-94EB-A5EFB5DFF8A0}.Debug|x64.Build.0 = Debug|x64
		{64898B06-10DF-471A-94EB-A5EFB5DFF8A0}.Debug|x86.ActiveCfg = Debug|Win32
		{64898B06-10DF-471A-94EB-A5EFB5DFF8A0}.Debug|x86.Build.0 = Debug|Win32
		{64898B06-10DF-471A-94EB-A5EFB5DFF8A0}.Release|x64.ActiveCfg = Release|x64
		{64898B06-10DF-471A-94EB-A5EFB5DFF8A0}.Release|x64.Build.0 = Release|x64
		{64898B06-10DF-471A-94EB-A5EFB5DFF8A0}.Release|x86.ActiveCfg = Release|Win32
		{64898B06-10DF-471A-94EB-A5EFB5DFF8A0}.Release|x86.Build.0 = Release|Win32
		{CB50017E-E40D-4FC7-9D19-C8420A7039FA}.Debug|x64.ActiveCfg = Debug|x64
		{CB50017E-E40D-4FC7-9D19-C8420A7039FA}.Debug|x64.Build.0 = Debug|x64
		{CB50017E-E40D-4FC7-9D19-C8420A7039FA}.Debug|x86.ActiveCfg = Debug|Win32
		{CB50017E-E40D-4FC7-9D19-C8420A7039FA}.Debug|x86.Build.0 = Debug|Win32
		{CB50017E-E40D-4FC7-9D19-C8420A7039FA}.Release|x64.ActiveCfg = Release|x64
		{CB50017E-E40D-4FC7-9D19-C8420A7039FA}.Release|x64.Build.0 = Release|x64
		{CB50017E-E40D-4FC7-9D19-C8420A7039FA}.Release|x86.ActiveCfg = Release|Win32
		{CB50017E-E40D-4FC7-9D19-C8420A7039FA}.Release|x86.Build.0 = Release|Win32
		{14C7AEB3-AA82-4D66-B676-94FBDB637B86}.Debug|x64.ActiveCfg = Debug|x64
		{14C7AEB3-AA82-4D66-B676-94FBDB637B86}.Debug|x64.Build.0 = Debug|x64
		{14C7AEB3-AA82-4D66-B676-94FBDB637B86}.Debug|x86.ActiveCfg = Debug|Win32
		{14C7AEB3-AA82-4D66-B676-94FBDB637B86}.Debug|x86.Build.0 = Debug|Win32
		{14C7AEB3-AA82-4D66-B676-94FBDB637B86}.Release|x64.ActiveCfg = Release|x64
		{14C7AEB3-AA82-4D66-B676-94FBDB637B86}.Release|x64.Build.0 = Release|x64
		{14C7AEB3-AA82-4D66-B676-94FBDB637B86}.Release|x86.ActiveCfg = Release|Win32
		{14C7AEB3-AA82-4D66-B676-94FBDB637B86}.Release|x86.Build.0 = Release|Win32
		{23DE01B6-0956-4FBC-860E-38C9819998E6}.Debug|x64.ActiveCfg = Debug|x64
		{23DE01B6-0956-4FBC-860E-38C9819998E6}.Debug|x64.Build.0 = Debug|x64
		{23DE01B6-0956-4FBC-860E-38C9819998E6}.Debug|x86.ActiveCfg = Debug|Win32
		{23DE01B6-0956-4FBC-860E-38C9819998E6}.Debug|x86.Build.0 = Debug|Win32
		{23DE01B6-0956-4FBC-860E-38C9819998E6}.Release|x64.ActiveCfg = Release|x64
		{23DE01B6-0956-4FBC-860E-38C9819998E6}.Release|x64.Build.0 = Release|x64
		{23DE01B6-0956-4FBC-860E-38C9819998E6}.Release|x86.ActiveCfg = Release|Win32
		{23DE01B6-0956-4FBC-860E-38C9819998E6}.Release|x86.Build.0 = Release|Win32
	EndGlobalSection
	GlobalSection(SolutionProperties) = preSolution
		HideSolutionNode = FALSE
	EndGlobalSection
	GlobalSection(ExtensibilityGlobals) = postSolution
		SolutionGuid = {F418EA57-F2AF-413D-AC08-2C5D51631D3E}
	EndGlobalSection
EndGlobal
