
Microsoft Visual Studio Solution File, Format Version 12.00
# Visual Studio Version 16
VisualStudioVersion = 16.0.31005.135
MinimumVisualStudioVersion = 10.0.40219.1
Project("{8BC9CEB8-8B4A-11D0-8D11-00A0C91BC942}") = "ConsoleApplication2", "ConsoleApplication2\ConsoleApplication2.vcxproj", "{975F31C7-E18C-401A-9F60-482D9D1C74BA}"
EndProject
Project("{8BC9CEB8-8B4A-11D0-8D11-00A0C91BC942}") = "달팽이", "달팽이\달팽이.vcxproj", "{35660BCA-2AB4-41EA-A837-360D73F506ED}"
EndProject
Project("{8BC9CEB8-8B4A-11D0-8D11-00A0C91BC942}") = "도서관", "도서관\도서관.vcxproj", "{50CCF758-E423-4C95-AA7A-D2A9BE431164}"
EndProject
Project("{8BC9CEB8-8B4A-11D0-8D11-00A0C91BC942}") = "뒤집기3", "뒤집기3\뒤집기3.vcxproj", "{59D92E21-E2AC-438F-945C-AD5467F962AD}"
EndProject
Project("{8BC9CEB8-8B4A-11D0-8D11-00A0C91BC942}") = "휴게소세우기", "휴게소세우기\휴게소세우기.vcxproj", "{5500CF1A-FF11-49C3-9217-197DC375C2D8}"
EndProject
Project("{8BC9CEB8-8B4A-11D0-8D11-00A0C91BC942}") = "말이 되고픈 원숭이", "말이 되고픈 원숭이\말이 되고픈 원숭이.vcxproj", "{6D3EE711-AC2E-4AAD-9400-72CB78E1B6FE}"
EndProject
Project("{8BC9CEB8-8B4A-11D0-8D11-00A0C91BC942}") = "추월", "추월\추월.vcxproj", "{89A9CACF-37B9-4722-BD4A-BEF190D89B3A}"
EndProject
Project("{8BC9CEB8-8B4A-11D0-8D11-00A0C91BC942}") = "킹", "킹\킹.vcxproj", "{A5BF1114-86C9-4089-8DCB-4216F40B60D2}"
EndProject
Project("{8BC9CEB8-8B4A-11D0-8D11-00A0C91BC942}") = "N번째큰수", "N번째큰수\N번째큰수.vcxproj", "{32CE35FF-DB0E-456D-AE1A-AF8649600237}"
EndProject
Project("{8BC9CEB8-8B4A-11D0-8D11-00A0C91BC942}") = "플로이드", "플로이드\플로이드.vcxproj", "{BD48C928-8030-4A11-97DC-8D1C5EDF54F3}"
EndProject
Global
	GlobalSection(SolutionConfigurationPlatforms) = preSolution
		Debug|x64 = Debug|x64
		Debug|x86 = Debug|x86
		Release|x64 = Release|x64
		Release|x86 = Release|x86
	EndGlobalSection
	GlobalSection(ProjectConfigurationPlatforms) = postSolution
		{975F31C7-E18C-401A-9F60-482D9D1C74BA}.Debug|x64.ActiveCfg = Debug|x64
		{975F31C7-E18C-401A-9F60-482D9D1C74BA}.Debug|x64.Build.0 = Debug|x64
		{975F31C7-E18C-401A-9F60-482D9D1C74BA}.Debug|x86.ActiveCfg = Debug|Win32
		{975F31C7-E18C-401A-9F60-482D9D1C74BA}.Debug|x86.Build.0 = Debug|Win32
		{975F31C7-E18C-401A-9F60-482D9D1C74BA}.Release|x64.ActiveCfg = Release|x64
		{975F31C7-E18C-401A-9F60-482D9D1C74BA}.Release|x64.Build.0 = Release|x64
		{975F31C7-E18C-401A-9F60-482D9D1C74BA}.Release|x86.ActiveCfg = Release|Win32
		{975F31C7-E18C-401A-9F60-482D9D1C74BA}.Release|x86.Build.0 = Release|Win32
		{35660BCA-2AB4-41EA-A837-360D73F506ED}.Debug|x64.ActiveCfg = Debug|x64
		{35660BCA-2AB4-41EA-A837-360D73F506ED}.Debug|x64.Build.0 = Debug|x64
		{35660BCA-2AB4-41EA-A837-360D73F506ED}.Debug|x86.ActiveCfg = Debug|Win32
		{35660BCA-2AB4-41EA-A837-360D73F506ED}.Debug|x86.Build.0 = Debug|Win32
		{35660BCA-2AB4-41EA-A837-360D73F506ED}.Release|x64.ActiveCfg = Release|x64
		{35660BCA-2AB4-41EA-A837-360D73F506ED}.Release|x64.Build.0 = Release|x64
		{35660BCA-2AB4-41EA-A837-360D73F506ED}.Release|x86.ActiveCfg = Release|Win32
		{35660BCA-2AB4-41EA-A837-360D73F506ED}.Release|x86.Build.0 = Release|Win32
		{50CCF758-E423-4C95-AA7A-D2A9BE431164}.Debug|x64.ActiveCfg = Debug|x64
		{50CCF758-E423-4C95-AA7A-D2A9BE431164}.Debug|x64.Build.0 = Debug|x64
		{50CCF758-E423-4C95-AA7A-D2A9BE431164}.Debug|x86.ActiveCfg = Debug|Win32
		{50CCF758-E423-4C95-AA7A-D2A9BE431164}.Debug|x86.Build.0 = Debug|Win32
		{50CCF758-E423-4C95-AA7A-D2A9BE431164}.Release|x64.ActiveCfg = Release|x64
		{50CCF758-E423-4C95-AA7A-D2A9BE431164}.Release|x64.Build.0 = Release|x64
		{50CCF758-E423-4C95-AA7A-D2A9BE431164}.Release|x86.ActiveCfg = Release|Win32
		{50CCF758-E423-4C95-AA7A-D2A9BE431164}.Release|x86.Build.0 = Release|Win32
		{59D92E21-E2AC-438F-945C-AD5467F962AD}.Debug|x64.ActiveCfg = Debug|x64
		{59D92E21-E2AC-438F-945C-AD5467F962AD}.Debug|x64.Build.0 = Debug|x64
		{59D92E21-E2AC-438F-945C-AD5467F962AD}.Debug|x86.ActiveCfg = Debug|Win32
		{59D92E21-E2AC-438F-945C-AD5467F962AD}.Debug|x86.Build.0 = Debug|Win32
		{59D92E21-E2AC-438F-945C-AD5467F962AD}.Release|x64.ActiveCfg = Release|x64
		{59D92E21-E2AC-438F-945C-AD5467F962AD}.Release|x64.Build.0 = Release|x64
		{59D92E21-E2AC-438F-945C-AD5467F962AD}.Release|x86.ActiveCfg = Release|Win32
		{59D92E21-E2AC-438F-945C-AD5467F962AD}.Release|x86.Build.0 = Release|Win32
		{5500CF1A-FF11-49C3-9217-197DC375C2D8}.Debug|x64.ActiveCfg = Debug|x64
		{5500CF1A-FF11-49C3-9217-197DC375C2D8}.Debug|x64.Build.0 = Debug|x64
		{5500CF1A-FF11-49C3-9217-197DC375C2D8}.Debug|x86.ActiveCfg = Debug|Win32
		{5500CF1A-FF11-49C3-9217-197DC375C2D8}.Debug|x86.Build.0 = Debug|Win32
		{5500CF1A-FF11-49C3-9217-197DC375C2D8}.Release|x64.ActiveCfg = Release|x64
		{5500CF1A-FF11-49C3-9217-197DC375C2D8}.Release|x64.Build.0 = Release|x64
		{5500CF1A-FF11-49C3-9217-197DC375C2D8}.Release|x86.ActiveCfg = Release|Win32
		{5500CF1A-FF11-49C3-9217-197DC375C2D8}.Release|x86.Build.0 = Release|Win32
		{6D3EE711-AC2E-4AAD-9400-72CB78E1B6FE}.Debug|x64.ActiveCfg = Debug|x64
		{6D3EE711-AC2E-4AAD-9400-72CB78E1B6FE}.Debug|x64.Build.0 = Debug|x64
		{6D3EE711-AC2E-4AAD-9400-72CB78E1B6FE}.Debug|x86.ActiveCfg = Debug|Win32
		{6D3EE711-AC2E-4AAD-9400-72CB78E1B6FE}.Debug|x86.Build.0 = Debug|Win32
		{6D3EE711-AC2E-4AAD-9400-72CB78E1B6FE}.Release|x64.ActiveCfg = Release|x64
		{6D3EE711-AC2E-4AAD-9400-72CB78E1B6FE}.Release|x64.Build.0 = Release|x64
		{6D3EE711-AC2E-4AAD-9400-72CB78E1B6FE}.Release|x86.ActiveCfg = Release|Win32
		{6D3EE711-AC2E-4AAD-9400-72CB78E1B6FE}.Release|x86.Build.0 = Release|Win32
		{89A9CACF-37B9-4722-BD4A-BEF190D89B3A}.Debug|x64.ActiveCfg = Debug|x64
		{89A9CACF-37B9-4722-BD4A-BEF190D89B3A}.Debug|x64.Build.0 = Debug|x64
		{89A9CACF-37B9-4722-BD4A-BEF190D89B3A}.Debug|x86.ActiveCfg = Debug|Win32
		{89A9CACF-37B9-4722-BD4A-BEF190D89B3A}.Debug|x86.Build.0 = Debug|Win32
		{89A9CACF-37B9-4722-BD4A-BEF190D89B3A}.Release|x64.ActiveCfg = Release|x64
		{89A9CACF-37B9-4722-BD4A-BEF190D89B3A}.Release|x64.Build.0 = Release|x64
		{89A9CACF-37B9-4722-BD4A-BEF190D89B3A}.Release|x86.ActiveCfg = Release|Win32
		{89A9CACF-37B9-4722-BD4A-BEF190D89B3A}.Release|x86.Build.0 = Release|Win32
		{A5BF1114-86C9-4089-8DCB-4216F40B60D2}.Debug|x64.ActiveCfg = Debug|x64
		{A5BF1114-86C9-4089-8DCB-4216F40B60D2}.Debug|x64.Build.0 = Debug|x64
		{A5BF1114-86C9-4089-8DCB-4216F40B60D2}.Debug|x86.ActiveCfg = Debug|Win32
		{A5BF1114-86C9-4089-8DCB-4216F40B60D2}.Debug|x86.Build.0 = Debug|Win32
		{A5BF1114-86C9-4089-8DCB-4216F40B60D2}.Release|x64.ActiveCfg = Release|x64
		{A5BF1114-86C9-4089-8DCB-4216F40B60D2}.Release|x64.Build.0 = Release|x64
		{A5BF1114-86C9-4089-8DCB-4216F40B60D2}.Release|x86.ActiveCfg = Release|Win32
		{A5BF1114-86C9-4089-8DCB-4216F40B60D2}.Release|x86.Build.0 = Release|Win32
		{32CE35FF-DB0E-456D-AE1A-AF8649600237}.Debug|x64.ActiveCfg = Debug|x64
		{32CE35FF-DB0E-456D-AE1A-AF8649600237}.Debug|x64.Build.0 = Debug|x64
		{32CE35FF-DB0E-456D-AE1A-AF8649600237}.Debug|x86.ActiveCfg = Debug|Win32
		{32CE35FF-DB0E-456D-AE1A-AF8649600237}.Debug|x86.Build.0 = Debug|Win32
		{32CE35FF-DB0E-456D-AE1A-AF8649600237}.Release|x64.ActiveCfg = Release|x64
		{32CE35FF-DB0E-456D-AE1A-AF8649600237}.Release|x64.Build.0 = Release|x64
		{32CE35FF-DB0E-456D-AE1A-AF8649600237}.Release|x86.ActiveCfg = Release|Win32
		{32CE35FF-DB0E-456D-AE1A-AF8649600237}.Release|x86.Build.0 = Release|Win32
		{BD48C928-8030-4A11-97DC-8D1C5EDF54F3}.Debug|x64.ActiveCfg = Debug|x64
		{BD48C928-8030-4A11-97DC-8D1C5EDF54F3}.Debug|x64.Build.0 = Debug|x64
		{BD48C928-8030-4A11-97DC-8D1C5EDF54F3}.Debug|x86.ActiveCfg = Debug|Win32
		{BD48C928-8030-4A11-97DC-8D1C5EDF54F3}.Debug|x86.Build.0 = Debug|Win32
		{BD48C928-8030-4A11-97DC-8D1C5EDF54F3}.Release|x64.ActiveCfg = Release|x64
		{BD48C928-8030-4A11-97DC-8D1C5EDF54F3}.Release|x64.Build.0 = Release|x64
		{BD48C928-8030-4A11-97DC-8D1C5EDF54F3}.Release|x86.ActiveCfg = Release|Win32
		{BD48C928-8030-4A11-97DC-8D1C5EDF54F3}.Release|x86.Build.0 = Release|Win32
	EndGlobalSection
	GlobalSection(SolutionProperties) = preSolution
		HideSolutionNode = FALSE
	EndGlobalSection
	GlobalSection(ExtensibilityGlobals) = postSolution
		SolutionGuid = {F418EA57-F2AF-413D-AC08-2C5D51631D3E}
	EndGlobalSection
EndGlobal
